 # The output is written as a single-line so we need to multi-line it to display it correctly in the next step
  output="$(terragrunt run-all plan -no-color -input=false -out=plan.out --terragrunt-exclude-dir platform/env)"
  output="${output//'%'/'%25'}"
  output="${output//$'\n'/'%0A'}"
  output="${output//$'\r'/'%0D'}"

  echo $output
  echo "::set-output name=stdout::$output"
  shell: bash --noprofile --norc -e -o pipefail {0}
  env:
    AWS_REGION: eu-west-2
    GITHUB_TOKEN: ***
    TERRAGRUNT_AUTO_INIT: false
    TF_INPUT: false
    WORKING_DIRECTORY: infra/terraform
    AWS_DEFAULT_REGION: eu-west-2
    AWS_ACCESS_KEY_ID: ***
    AWS_SECRET_ACCESS_KEY: ***
time=2021-06-22T10:20:13Z level=info msg=Stack at /__w/monorepo/monorepo/infra/terraform:
  => Module /__w/monorepo/monorepo/infra/terraform/aws-account (excluded: false, dependencies: [/__w/monorepo/monorepo/infra/terraform/state])
  => Module /__w/monorepo/monorepo/infra/terraform/github (excluded: false, dependencies: [/__w/monorepo/monorepo/infra/terraform/aws-account, /__w/monorepo/monorepo/infra/terraform/platform/shared])
  => Module /__w/monorepo/monorepo/infra/terraform/platform/env (excluded: true, dependencies: [/__w/monorepo/monorepo/infra/terraform/aws-account, /__w/monorepo/monorepo/infra/terraform/platform/shared, /__w/monorepo/monorepo/infra/terraform/github])
  => Module /__w/monorepo/monorepo/infra/terraform/platform/shared (excluded: false, dependencies: [/__w/monorepo/monorepo/infra/terraform/aws-account])
  => Module /__w/monorepo/monorepo/infra/terraform/state (excluded: false, dependencies: [])
module.tfstate_s3.aws_kms_key.this[0]: Refreshing state... [id=84d4e2ca-fc6b-479e-ac12-2bf4813fb96f]%0Amodule.tfstate_dynamodb.aws_kms_key.this[0]: Refreshing state... [id=320d03da-46b9-4abb-8e09-d1208f70d37f]%0Amodule.tfstate_dynamodb.aws_kms_alias.this[0]: Refreshing state... [id=alias/upside-tfstate-lock]%0Amodule.tfstate_dynamodb.module.dynamodb_table.aws_dynamodb_table.this[0]: Refreshing state... [id=upside-tfstate-lock]%0Amodule.tfstate_s3.aws_kms_alias.this[0]: Refreshing state... [id=alias/upside-tfstate-bucket]%0Amodule.tfstate_s3.module.s3_bucket.aws_s3_bucket.this[0]: Refreshing state... [id=upside-tfstate-bucket]%0Amodule.tfstate_s3.module.s3_bucket.aws_s3_bucket_public_access_block.this[0]: Refreshing state... [id=upside-tfstate-bucket]%0Amodule.tfstate_s3.aws_s3_bucket_metric.this[0]: Refreshing state... [id=upside-tfstate-bucket:EntireBucket]%0A%0ANo changes. Your infrastructure matches the configuration.%0A%0ATerraform has compared your real infrastructure against your configuration%0Aand found no differences, so no changes are needed.%0Amodule.iam_setup.module.iam_account.aws_iam_account_alias.this: Refreshing state... [id=upside-tech]%0Amodule.guardduty.aws_guardduty_detector.this: Refreshing state... [id=75b32201ce454de89756f5a6071140ab]%0Amodule.domain.module.cert[0].aws_acm_certificate.this[0]: Refreshing state... [id=arn:aws:acm:eu-west-2:***:certificate/5c4b5c3c-455b-46e0-853c-a8345996b0d3]%0Amodule.inspector.aws_cloudwatch_event_rule.inspector_event[0]: Refreshing state... [id=upside-inspector-rule]%0Amodule.inspector.aws_cloudwatch_event_rule.assessment_run: Refreshing state... [id=upside-inspector-assesment-run-rule]%0Amodule.organization.aws_organizations_organization.this: Refreshing state... [id=o-797wxp1s04]%0Amodule.kafka_logs_bucket.module.log_bucket.aws_s3_bucket.this[0]: Refreshing state... [id=upside-kafka-logs]%0Amodule.iam_setup.module.iam_account.aws_iam_account_password_policy.this[0]: Refreshing state... [id=iam-account-password-policy]%0Amodule.elb_logs_bucket.module.log_bucket.aws_s3_bucket.this[0]: Refreshing state... [id=upside-elb-logs]%0Amodule.config.aws_cloudwatch_event_rule.compliance_change: Refreshing state... [id=upside-awsconfig-compliance-rule]%0Amodule.cloudtrail.aws_cloudwatch_event_rule.this: Refreshing state... [id=upside-cloudtrail-events-rule]%0Amodule.slack_notifications.aws_cloudwatch_log_group.lambda[0]: Refreshing state... [id=/aws/lambda/upside-slack-notifications]%0Amodule.iam_setup.aws_cloudwatch_event_rule.analyzer[0]: Refreshing state... [id=upside-iam-access-analyzer-rule]%0Amodule.s3_logs_bucket.module.log_bucket.aws_s3_bucket.this[0]: Refreshing state... [id=upside-s3-logs]%0Amodule.iam_setup.aws_accessanalyzer_analyzer.analyzer[0]: Refreshing state... [id=upside-tech]%0Amodule.datadog_aws_integration.aws_kms_key.rds_enhanced_metrics[0]: Refreshing state... [id=8038a573-3fee-4c9e-be94-32e57cea9717]%0Amodule.guardduty.aws_cloudwatch_event_rule.findings: Refreshing state... [id=upside-guardduty-findings-rule]%0Amodule.slack_notifications.aws_sns_topic.this[0]: Refreshing state... [id=arn:aws:sns:eu-west-2:***:upside-slack-notifications]%0Amodule.config.aws_cloudwatch_event_rule.config_change: Refreshing state... [id=upside-awsconfig-events-rule]%0Amodule.inspector.aws_inspector_assessment_target.this: Refreshing state... [id=arn:aws:inspector:eu-west-2:***:target/0-OA80Z6AX]%0Amodule.waf_logs_bucket.module.log_bucket.aws_s3_bucket.this[0]: Refreshing state... [id=upside-waf-logs]%0Amodule.ses.aws_ses_domain_identity.main: Refreshing state... [id=upsidetechnology.co]%0Amodule.datadog_aws_integration.aws_cloudwatch_log_group.rds_enhanced_metrics[0]: Refreshing state... [id=/aws/lambda/upside-datadog-rds-enhanced]%0Amodule.datadog_aws_integration.module.rds_enhanced_metrics_role[0].aws_iam_role.this[0]: Refreshing state... [id=upside-datadog-rds-enhanced-role]%0Amodule.inspector.module.role.aws_iam_role.this[0]: Refreshing state... [id=upside-inspector-role]%0Amodule.redirect_domains["uptec.co"].module.redirect_domain_www[0].module.s3_bucket.aws_s3_bucket.this[0]: Refreshing state... [id=www.uptec.co]%0Amodule.redirect_domains["thescienceofbeingright.co.uk"].module.redirect_domain_www[0].module.s3_bucket.aws_s3_bucket.this[0]: Refreshing state... [id=www.thescienceofbeingright.co.uk]%0Amodule.redirect_domains["thescienceofbeingright.com"].module.redirect_domain_www[0].module.s3_bucket.aws_s3_bucket.this[0]: Refreshing state... [id=www.thescienceofbeingright.com]%0Amodule.redirect_domains["thescienceofbeingright.co"].module.redirect_domain_www[0].module.s3_bucket.aws_s3_bucket.this[0]: Refreshing state... [id=www.thescienceofbeingright.co]%0Amodule.cloudtrail.module.s3_bucket.module.s3_bucket.aws_s3_bucket.this[0]: Refreshing state... [id=upside-cloudtrail]%0Amodule.config.module.s3_bucket.module.s3_bucket.aws_s3_bucket.this[0]: Refreshing state... [id=upside-awsconfig]%0Amodule.dlm.module.dlm_ebs_snapshots_role[0].aws_iam_role.this[0]: Refreshing state... [id=dlm-ebs-snapshots-role]%0Amodule.datadog_aws_integration.aws_kms_alias.rds_enhanced_metrics[0]: Refreshing state... [id=alias/upside-datadog-api-key]%0Amodule.config.module.role.aws_iam_role.this[0]: Refreshing state... [id=upside-awsconfig-role]%0Amodule.datadog_aws_integration.aws_lambda_permission.rds_enhanced_metrics[0]: Refreshing state... [id=AllowExecutionFromCloudWatchRDS]%0Amodule.inspector.aws_inspector_assessment_template.this: Refreshing state... [id=arn:aws:inspector:eu-west-2:***:target/0-OA80Z6AX/template/0-lOPFTF5e]%0Amodule.ses.aws_ses_domain_dkim.main[0]: Refreshing state... [id=upsidetechnology.co]%0Amodule.redirect_domains["thescienceofbeingright.co"].module.redirect_domain.module.s3_bucket.aws_s3_bucket.this[0]: Refreshing state... [id=thescienceofbeingright.co]%0Amodule.redirect_domains["thescienceofbeingright.com"].module.redirect_domain.module.s3_bucket.aws_s3_bucket.this[0]: Refreshing state... [id=thescienceofbeingright.com]%0Amodule.redirect_domains["thescienceofbeingright.co.uk"].module.redirect_domain.module.s3_bucket.aws_s3_bucket.this[0]: Refreshing state... [id=thescienceofbeingright.co.uk]%0Amodule.redirect_domains["uptec.co"].module.redirect_domain.module.s3_bucket.aws_s3_bucket.this[0]: Refreshing state... [id=uptec.co]%0Amodule.inspector.module.policy.aws_iam_policy.policy: Refreshing state... [id=arn:aws:iam::***:policy/upside-inspector-policy]%0Amodule.dlm.module.dlm_ebs_snapshots_role_policy[0].aws_iam_policy.policy: Refreshing state... [id=arn:aws:iam::***:policy/dlm-ebs-snapshots-policy]%0Amodule.domain.aws_route53_zone.private[0]: Refreshing state... [id=Z09905261DPA59R6X1BKN]%0Amodule.organization.aws_organizations_organizational_unit.main: Refreshing state... [id=ou-zt84-ngiwnd8u]%0Amodule.ses.aws_route53_record.txt_dmarc[0]: Refreshing state... [id=Z2ZBDXF2NT54QT__dmarc.upsidetechnology.co_TXT]%0Amodule.ses.aws_route53_record.ses_verification: Refreshing state... [id=Z2ZBDXF2NT54QT__amazonses.upsidetechnology.co_TXT]%0Amodule.cloudtrail.aws_kms_key.this[0]: Refreshing state... [id=b966db13-7e26-4591-8ada-2085079b7a7c]%0Amodule.ses.aws_route53_record.dkim_verification["26lxmee2ngwh4dhfidjnm2ozupgthtxq"]: Refreshing state... [id=Z2ZBDXF2NT54QT_26lxmee2ngwh4dhfidjnm2ozupgthtxq._domainkey.upsidetechnology.co_CNAME]%0Amodule.ses.aws_route53_record.dkim_verification["j6f442xkpxrjpc32bzgbsysobwl5xn55"]: Refreshing state... [id=Z2ZBDXF2NT54QT_j6f442xkpxrjpc32bzgbsysobwl5xn55._domainkey.upsidetechnology.co_CNAME]%0Amodule.ses.aws_route53_record.dkim_verification["qyzclj2varitgdxdbd6t7tngzrprtias"]: Refreshing state... [id=Z2ZBDXF2NT54QT_qyzclj2varitgdxdbd6t7tngzrprtias._domainkey.upsidetechnology.co_CNAME]%0Amodule.datadog_aws_integration.module.rds_enhanced_metrics_policy[0].aws_iam_policy.policy: Refreshing state... [id=arn:aws:iam::***:policy/upside-datadog-rds-enhanced-policy]%0Amodule.inspector.aws_cloudwatch_event_target.assessment_run: Refreshing state... [id=upside-inspector-assesment-run-rule-upside-inspector-assesment-run-target]%0Amodule.config.aws_cloudwatch_event_target.config_change[0]: Refreshing state... [id=upside-awsconfig-events-rule-upside-awsconfig-events-target]%0Amodule.config.aws_cloudwatch_event_target.compliance_change[0]: Refreshing state... [id=upside-awsconfig-compliance-rule-upside-awsconfig-compliance-target]%0Amodule.cloudtrail.aws_cloudwatch_event_target.this[0]: Refreshing state... [id=upside-cloudtrail-events-rule-upside-cloudtrail-events-target]%0Amodule.iam_setup.aws_cloudwatch_event_target.analyzer_to_sns[0]: Refreshing state... [id=upside-iam-access-analyzer-rule-upside-iam-access-analyzer-target]%0Amodule.guardduty.aws_cloudwatch_event_target.findings_to_sns[0]: Refreshing state... [id=upside-guardduty-findings-rule-upside-guardduty-findings-target]%0Amodule.inspector.aws_cloudwatch_event_target.inspector_event[0]: Refreshing state... [id=upside-inspector-rule-upside-inspector-target]%0Amodule.guardduty.aws_guardduty_organization_admin_account.this: Refreshing state... [id=***]%0Amodule.slack_notifications.module.lambda.aws_iam_policy.additional_json[0]: Refreshing state... [id=arn:aws:iam::***:policy/lambda-upside-slack-notifications]%0Amodule.domain.module.cert[0].aws_route53_record.validation[0]: Refreshing state... [id=Z2ZBDXF2NT54QT__dbdd723b4cda5f594e9ae6444c484b94.upsidetechnology.co._CNAME]%0Amodule.cloudtrail.aws_kms_alias.this[0]: Refreshing state... [id=alias/upside-cloudtrail]%0Aaws_sns_topic_subscription.slack_sns_to_datadog_event_stream: Refreshing state... [id=arn:aws:sns:eu-west-2:***:upside-slack-notifications:583406fc-f5ab-4b23-8230-e0c18e718258]%0Amodule.slack_notifications.module.lambda.local_file.archive_plan[0]: Refreshing state... [id=8a3a63124397e43971a741d754b2e454712f2933]%0Amodule.redirect_domains["uptec.co"].aws_route53_record.redirect_domain_www[0]: Refreshing state... [id=Z28DSQS9ZDZRDX_www.uptec.co_A]%0Amodule.redirect_domains["thescienceofbeingright.co"].aws_route53_record.redirect_domain_www[0]: Refreshing state... [id=Z3OIB1O1RSI0X_www.thescienceofbeingright.co_A]%0Amodule.redirect_domains["thescienceofbeingright.com"].aws_route53_record.redirect_domain_www[0]: Refreshing state... [id=Z2AHTY4PK732ST_www.thescienceofbeingright.com_A]%0Amodule.redirect_domains["thescienceofbeingright.co.uk"].aws_route53_record.redirect_domain_www[0]: Refreshing state... [id=Z3CL1FVYDNNFKH_www.thescienceofbeingright.co.uk_A]%0Amodule.slack_notifications.module.lambda.aws_iam_role.lambda[0]: Refreshing state... [id=lambda-upside-slack-notifications]%0Amodule.datadog_aws_integration.aws_cloudformation_stack.log_forwarder[0]: Refreshing state... [id=arn:aws:cloudformation:eu-west-2:***:stack/upside-datadog-forwarder/0e94f180-0cdd-11eb-a0e2-06c70b748ee0]%0Amodule.datadog_aws_integration.aws_kms_ciphertext.rds_enhanced_metrics[0]: Refreshing state... [id=2021-04-19 15:28:14.5296676 +0000 UTC]%0Amodule.waf_logs_bucket.module.log_bucket.aws_s3_bucket_public_access_block.this[0]: Refreshing state... [id=upside-waf-logs]%0Amodule.ses.aws_ses_domain_identity_verification.main: Refreshing state... [id=upsidetechnology.co]%0Amodule.config.module.s3_bucket.module.s3_bucket.aws_s3_bucket_public_access_block.this[0]: Refreshing state... [id=upside-awsconfig]%0Amodule.redirect_domains["thescienceofbeingright.com"].module.redirect_domain_www[0].module.s3_bucket.aws_s3_bucket_public_access_block.this[0]: Refreshing state... [id=www.thescienceofbeingright.com]%0Amodule.redirect_domains["thescienceofbeingright.co"].module.redirect_domain_www[0].module.s3_bucket.aws_s3_bucket_public_access_block.this[0]: Refreshing state... [id=www.thescienceofbeingright.co]%0Amodule.redirect_domains["uptec.co"].module.redirect_domain_www[0].module.s3_bucket.aws_s3_bucket_public_access_block.this[0]: Refreshing state... [id=www.uptec.co]%0Amodule.redirect_domains["thescienceofbeingright.co.uk"].module.redirect_domain_www[0].module.s3_bucket.aws_s3_bucket_public_access_block.this[0]: Refreshing state... [id=www.thescienceofbeingright.co.uk]%0Amodule.dlm.aws_dlm_lifecycle_policy.dlm_ebs_snapshots[0]: Refreshing state... [id=policy-0dae46ba7f57a3344]%0Amodule.redirect_domains["thescienceofbeingright.co.uk"].aws_route53_record.redirect_domain: Refreshing state... [id=Z3CL1FVYDNNFKH_thescienceofbeingright.co.uk_A]%0Amodule.redirect_domains["thescienceofbeingright.com"].aws_route53_record.redirect_domain: Refreshing state... [id=Z2AHTY4PK732ST_thescienceofbeingright.com_A]%0Amodule.redirect_domains["uptec.co"].aws_route53_record.redirect_domain: Refreshing state... [id=Z28DSQS9ZDZRDX_uptec.co_A]%0Amodule.redirect_domains["thescienceofbeingright.co"].aws_route53_record.redirect_domain: Refreshing state... [id=Z3OIB1O1RSI0X_thescienceofbeingright.co_A]%0Amodule.datadog_aws_integration.datadog_integration_aws.this: Refreshing state... [id=***:DatadogAWSIntegrationRole]%0Amodule.config.aws_config_configuration_recorder.this: Refreshing state... [id=upside-awsconfig]%0Amodule.slack_notifications.module.lambda.null_resource.archive[0]: Refreshing state... [id=8840952708139835742]%0Amodule.inspector.module.role.aws_iam_role_policy_attachment.custom[0]: Refreshing state... [id=upside-inspector-role-20210526101501666100000001]%0Amodule.dlm.module.dlm_ebs_snapshots_role[0].aws_iam_role_policy_attachment.custom[0]: Refreshing state... [id=dlm-ebs-snapshots-role-20210226210150780800000001]%0Amodule.elb_logs_bucket.module.log_bucket.aws_s3_bucket_policy.this[0]: Refreshing state... [id=upside-elb-logs]%0Amodule.guardduty.aws_guardduty_organization_configuration.primary: Refreshing state... [id=75b32201ce454de89756f5a6071140ab]%0Amodule.redirect_domains["thescienceofbeingright.co.uk"].module.redirect_domain.module.s3_bucket.aws_s3_bucket_public_access_block.this[0]: Refreshing state... [id=thescienceofbeingright.co.uk]%0Amodule.redirect_domains["thescienceofbeingright.com"].module.redirect_domain.module.s3_bucket.aws_s3_bucket_public_access_block.this[0]: Refreshing state... [id=thescienceofbeingright.com]%0Amodule.redirect_domains["uptec.co"].module.redirect_domain.module.s3_bucket.aws_s3_bucket_public_access_block.this[0]: Refreshing state... [id=uptec.co]%0Amodule.redirect_domains["thescienceofbeingright.co"].module.redirect_domain.module.s3_bucket.aws_s3_bucket_public_access_block.this[0]: Refreshing state... [id=thescienceofbeingright.co]%0Amodule.kafka_logs_bucket.module.log_bucket.aws_s3_bucket_policy.this[0]: Refreshing state... [id=upside-kafka-logs]%0Amodule.datadog_aws_integration.aws_lambda_function.rds_enhanced_metrics[0]: Refreshing state... [id=upside-datadog-rds-enhanced]%0Amodule.s3_logs_bucket.module.log_bucket.aws_s3_bucket_policy.this[0]: Refreshing state... [id=upside-s3-logs]%0Amodule.config.module.policy.aws_iam_policy.policy: Refreshing state... [id=arn:aws:iam::***:policy/upside-awsconfig-policy]%0Amodule.datadog_aws_integration.datadog_integration_aws_lambda_arn.log_forwarder[0]: Refreshing state... [id=*** arn:aws:lambda:eu-west-2:***:function:upside-datadog-forwarder]%0Amodule.organization.aws_organizations_account.master: Refreshing state... [id=***]%0Amodule.domain.module.cert[0].aws_acm_certificate_validation.this[0]: Refreshing state... [id=2020-11-09 14:04:14 +0000 UTC]%0Amodule.config.aws_config_config_rule.this["rds-logging-enabled"]: Refreshing state... [id=rds-logging-enabled]%0Amodule.config.aws_config_delivery_channel.this: Refreshing state... [id=upside-awsconfig-delivery-channel]%0Amodule.config.aws_config_config_rule.this["wafv2-logging-enabled"]: Refreshing state... [id=wafv2-logging-enabled]%0Amodule.config.aws_config_config_rule.this["account-part-of-organizations"]: Refreshing state... [id=account-part-of-organizations]%0Amodule.config.aws_config_config_rule.this["iam-root-access-key-check"]: Refreshing state... [id=iam-root-access-key-check]%0Amodule.config.aws_config_config_rule.this["eks-secrets-encrypted"]: Refreshing state... [id=eks-secrets-encrypted]%0Amodule.config.aws_config_config_rule.this["ec2-instance-detailed-monitoring-enabled"]: Refreshing state... [id=ec2-instance-detailed-monitoring-enabled]%0Amodule.config.aws_config_config_rule.this["rds-instance-public-access-check"]: Refreshing state... [id=rds-instance-public-access-check]%0Amodule.config.aws_config_config_rule.this["elasticache-redis-cluster-automatic-backup-check"]: Refreshing state... [id=elasticache-redis-cluster-automatic-backup-check]%0Amodule.config.aws_config_config_rule.this["cloudtrail-enabled"]: Refreshing state... [id=cloudtrail-enabled]%0Amodule.config.aws_config_config_rule.this["restricted-ssh"]: Refreshing state... [id=restricted-ssh]%0Amodule.config.aws_config_config_rule.this["ec2-instance-managed-by-systems-manager"]: Refreshing state... [id=ec2-instance-managed-by-systems-manager]%0Amodule.config.aws_config_config_rule.this["eip-attached"]: Refreshing state... [id=eip-attached]%0Amodule.config.aws_config_config_rule.this["secretsmanager-secret-unused"]: Refreshing state... [id=secretsmanager-secret-unused]%0Amodule.config.aws_config_config_rule.this["s3-bucket-public-write-prohibited"]: Refreshing state... [id=s3-bucket-public-write-prohibited]%0Amodule.config.aws_config_config_rule.this["ec2-stopped-instance"]: Refreshing state... [id=ec2-stopped-instance]%0Amodule.config.aws_config_config_rule.this["rds-automatic-minor-version-upgrade-enabled"]: Refreshing state... [id=rds-automatic-minor-version-upgrade-enabled]%0Amodule.config.aws_config_config_rule.this["iam-group-has-users-check"]: Refreshing state... [id=iam-group-has-users-check]%0Amodule.config.aws_config_config_rule.this["rds-storage-encrypted"]: Refreshing state... [id=rds-storage-encrypted]%0Amodule.config.aws_config_config_rule.this["elasticsearch-encrypted-at-rest"]: Refreshing state... [id=elasticsearch-encrypted-at-rest]%0Amodule.config.aws_config_config_rule.this["acm-certificate-expiration-check"]: Refreshing state... [id=acm-certificate-expiration-check]%0Amodule.config.aws_config_config_rule.this["iam-user-unused-credentials-check"]: Refreshing state... [id=iam-user-unused-credentials-check]%0Amodule.config.aws_config_config_rule.this["rds-cluster-deletion-protection-enabled"]: Refreshing state... [id=rds-cluster-deletion-protection-enabled]%0Amodule.config.aws_config_config_rule.this["ec2-instances-in-vpc"]: Refreshing state... [id=ec2-instances-in-vpc]%0Amodule.config.aws_config_config_rule.this["guardduty-enabled-centralized"]: Refreshing state... [id=guardduty-enabled-centralized]%0Amodule.config.aws_config_config_rule.this["cloud-trail-log-file-validation-enabled"]: Refreshing state... [id=cloud-trail-log-file-validation-enabled]%0Amodule.config.aws_config_config_rule.this["db-instance-backup-enabled"]: Refreshing state... [id=db-instance-backup-enabled]%0Amodule.config.aws_config_config_rule.this["cloud-trail-encryption-enabled"]: Refreshing state... [id=cloud-trail-encryption-enabled]%0Amodule.config.aws_config_config_rule.this["s3-bucket-public-read-prohibited"]: Refreshing state... [id=s3-bucket-public-read-prohibited]%0Amodule.config.aws_config_config_rule.this["access-keys-rotated"]: Refreshing state... [id=access-keys-rotated]%0Amodule.config.aws_config_config_rule.this["s3-bucket-server-side-encryption-enabled"]: Refreshing state... [id=s3-bucket-server-side-encryption-enabled]%0Amodule.config.aws_config_config_rule.this["iam-password-policy"]: Refreshing state... [id=iam-password-policy]%0Amodule.config.aws_config_config_rule.this["rds-instance-deletion-protection-enabled"]: Refreshing state... [id=rds-instance-deletion-protection-enabled]%0Amodule.config.aws_config_config_rule.this["rds-enhanced-monitoring-enabled"]: Refreshing state... [id=rds-enhanced-monitoring-enabled]%0Aaws_sns_topic_subscription.slack_sns_to_datadog_logs: Refreshing state... [id=arn:aws:sns:eu-west-2:***:upside-slack-notifications:2f1d79b2-3891-45a6-9a41-8f612bdcc59e]%0Amodule.elb_logs_bucket.module.log_bucket.aws_s3_bucket_public_access_block.this[0]: Refreshing state... [id=upside-elb-logs]%0Amodule.datadog_aws_integration.module.rds_enhanced_metrics_role[0].aws_iam_role_policy_attachment.custom[1]: Refreshing state... [id=upside-datadog-rds-enhanced-role-20201014163340353000000001]%0Amodule.datadog_aws_integration.module.rds_enhanced_metrics_role[0].aws_iam_role_policy_attachment.custom[0]: Refreshing state... [id=upside-datadog-rds-enhanced-role-20201014163340699700000002]%0Amodule.datadog_aws_integration.time_sleep.datadog_wait_5_minutes[0]: Refreshing state... [id=2020-10-12T23:04:01Z]%0Amodule.slack_notifications.module.lambda.aws_iam_policy_attachment.additional_json[0]: Refreshing state... [id=lambda-upside-slack-notifications]%0Amodule.kafka_logs_bucket.module.log_bucket.aws_s3_bucket_public_access_block.this[0]: Refreshing state... [id=upside-kafka-logs]%0Amodule.guardduty.aws_cloudwatch_event_target.findings_to_datadog[0]: Refreshing state... [id=upside-guardduty-findings-rule-upside-guardduty-findings-target-datadog]%0Amodule.waf_logs_bucket.aws_s3_bucket_notification.logs_to_datadog[0]: Refreshing state... [id=upside-waf-logs]%0Amodule.iam_setup.aws_cloudwatch_event_target.analyzer_to_datadog[0]: Refreshing state... [id=upside-iam-access-analyzer-rule-upside-iam-access-analyzer-target-datadog]%0Amodule.s3_logs_bucket.module.log_bucket.aws_s3_bucket_public_access_block.this[0]: Refreshing state... [id=upside-s3-logs]%0Amodule.datadog_aws_integration.aws_cloudwatch_log_subscription_filter.rds_enhanced_metrics[0]: Refreshing state... [id=cwlsf-2771394874]%0Amodule.datadog_aws_integration.module.policy.aws_iam_policy.policy: Refreshing state... [id=arn:aws:iam::***:policy/DatadogAWSIntegrationPolicy]%0Amodule.config.aws_config_configuration_recorder_status.this: Refreshing state... [id=upside-awsconfig]%0Amodule.slack_notifications.module.lambda.aws_lambda_function.this[0]: Refreshing state... [id=upside-slack-notifications]%0Amodule.kafka_logs_bucket.aws_s3_bucket_notification.logs_to_datadog[0]: Refreshing state... [id=upside-kafka-logs]%0Amodule.datadog_aws_integration.datadog_integration_aws_log_collection.log_forwarder[0]: Refreshing state... [id=***]%0Amodule.cloudtrail.module.s3_bucket.module.s3_bucket.aws_s3_bucket_policy.this[0]: Refreshing state... [id=upside-cloudtrail]%0Amodule.datadog_aws_integration.module.role.aws_iam_role.this[0]: Refreshing state... [id=DatadogAWSIntegrationRole]%0Amodule.slack_notifications.module.lambda.aws_lambda_permission.unqualified_alias_triggers["AllowExecutionFromSNS"]: Refreshing state... [id=AllowExecutionFromSNS]%0Amodule.slack_notifications.module.lambda.aws_lambda_permission.current_version_triggers["AllowExecutionFromSNS"]: Refreshing state... [id=AllowExecutionFromSNS]%0Amodule.cloudtrail.module.s3_bucket.module.s3_bucket.aws_s3_bucket_public_access_block.this[0]: Refreshing state... [id=upside-cloudtrail]%0Amodule.slack_notifications.aws_sns_topic_subscription.sns_notify_slack[0]: Refreshing state... [id=arn:aws:sns:eu-west-2:***:upside-slack-notifications:b85f94d6-4a20-403e-861b-7566c735bfe3]%0Amodule.cloudtrail.aws_s3_bucket_notification.logs_to_datadog[0]: Refreshing state... [id=upside-cloudtrail]%0Amodule.cloudtrail.aws_cloudtrail.this: Refreshing state... [id=upside-cloudtrail]%0Amodule.config.module.role.aws_iam_role_policy_attachment.custom[0]: Refreshing state... [id=upside-awsconfig-role-20210526101507487500000003]%0Amodule.config.module.role.aws_iam_role_policy_attachment.custom[1]: Refreshing state... [id=upside-awsconfig-role-20210526101507481300000002]%0Amodule.datadog_aws_integration.module.role.aws_iam_role_policy_attachment.custom[0]: Refreshing state... [id=DatadogAWSIntegrationRole-20201012231655662800000001]%0A%0ATerraform used the selected providers to generate the following execution%0Aplan. Resource actions are indicated with the following symbols:%0A-/+ destroy and then create replacement%0A%0ATerraform will perform the following actions:%0A%0A # module.slack_notifications.module.lambda.null_resource.archive[0] must be replaced%0A-/+ resource "null_resource" "archive" {%0A ~ id = "8840952708139835742" -> (known after apply)%0A ~ triggers = { # forces replacement%0A ~ "timestamp" = "1624348115217419000" -> "1624357228570975000"%0A # (1 unchanged element hidden)%0A }%0A }%0A%0APlan: 1 to add, 0 to change, 1 to destroy.%0A%0A─────────────────────────────────────────────────────────────────────────────%0A%0ASaved the plan to: plan.out%0A%0ATo perform exactly these actions, run the following command to apply:%0A terraform apply "plan.out"%0Amodule.factset_db.module.rds.module.db_instance.random_id.snapshot_identifier[0]: Refreshing state... [id=937jEg]%0Amodule.external_subdomain.aws_route53_zone.public[0]: Refreshing state... [id=Z06470773736DQ6R3VHI3]%0Amodule.test_research_data_sftp_server_s3_bucket["test"].module.s3_bucket.aws_s3_bucket.this[0]: Refreshing state... [id=upside-sftp-bucket-test]%0Amodule.test_research_data_notifications_sqs.module.sqs.aws_sqs_queue.this[0]: Refreshing state... [id=https://sqs.eu-west-2.amazonaws.com/***/upside-test-research-data-sqs]%0Amodule.test_research_data_notifications_sns.module.sns.aws_sns_topic.this[0]: Refreshing state... [id=arn:aws:sns:eu-west-2:***:upside-research-data-sftp-test-notifications]%0Amodule.vpn.module.key_pair.aws_key_pair.this[0]: Refreshing state... [id=upside-vpn-shared-ssh-key]%0Amodule.factset_db.module.rds.module.db_parameter_group.aws_db_parameter_group.this[0]: Refreshing state... [id=upside-factset-db-20210311161757557000000001]%0Amodule.ice_direct_connect.aws_dx_gateway.this: Refreshing state... [id=89b582a9-f9e2-4484-b116-55eb3cd15d60]%0Amodule.research_data_notifications_sns.module.sns.aws_sns_topic.this[0]: Refreshing state... [id=arn:aws:sns:eu-west-2:***:upside-research-data-sftp-notifications]%0Amodule.eks_cluster.module.worker_key_pair[0].aws_key_pair.this[0]: Refreshing state... [id=upside-tooling-k8s-ssh-key]%0Amodule.external_subdomain.module.cert[0].aws_acm_certificate.this[0]: Refreshing state... [id=arn:aws:acm:eu-west-2:***:certificate/217742a2-09ce-4bec-b317-18ef37c76403]%0Amodule.eks_cluster.module.eks.aws_cloudwatch_log_group.this[0]: Refreshing state... [id=/aws/eks/upside-tooling-k8s/cluster]%0Amodule.tooling_vpc.module.vpc.aws_vpc.this[0]: Refreshing state... [id=vpc-0cd584a3cef1853e9]%0Amodule.eks_cluster.aws_kms_key.eks[0]: Refreshing state... [id=f09e6b09-e389-418b-a434-d48adfda3526]%0Amodule.research_data_sftp_server_s3_bucket["bernstein"].module.s3_bucket.aws_s3_bucket.this[0]: Refreshing state... [id=upside-sftp-bucket-bernstein]%0Amodule.research_data_sftp_server_s3_bucket["credit-suisse"].module.s3_bucket.aws_s3_bucket.this[0]: Refreshing state... [id=upside-sftp-bucket-credit-suisse]%0Amodule.research_data_sftp_server_s3_bucket["bank-of-montreal"].module.s3_bucket.aws_s3_bucket.this[0]: Refreshing state... [id=upside-sftp-bucket-bank-of-montreal]%0Amodule.research_data_sftp_server_s3_bucket["jp-morgan"].module.s3_bucket.aws_s3_bucket.this[0]: Refreshing state... [id=upside-sftp-bucket-jp-morgan]%0Amodule.research_data_sftp_server_s3_bucket["goldman-sachs"].module.s3_bucket.aws_s3_bucket.this[0]: Refreshing state... [id=upside-sftp-bucket-goldman-sachs]%0Amodule.research_data_sftp_server_s3_bucket["hsbc"].module.s3_bucket.aws_s3_bucket.this[0]: Refreshing state... [id=upside-sftp-bucket-hsbc]%0Amodule.research_data_sftp_server_s3_bucket["clsa"].module.s3_bucket.aws_s3_bucket.this[0]: Refreshing state... [id=upside-sftp-bucket-clsa]%0Amodule.research_data_sftp_server_s3_bucket["ubs"].module.s3_bucket.aws_s3_bucket.this[0]: Refreshing state... [id=upside-sftp-bucket-ubs]%0Amodule.factset_db.aws_kms_key.this[0]: Refreshing state... [id=8e9637d1-8896-429a-9f3e-eeb8d13fc9a5]%0Amodule.research_data_sftp_server_s3_bucket["barclays"].module.s3_bucket.aws_s3_bucket.this[0]: Refreshing state... [id=upside-sftp-bucket-barclays]%0Amodule.research_data_sftp_server_s3_bucket["raymond-james"].module.s3_bucket.aws_s3_bucket.this[0]: Refreshing state... [id=upside-sftp-bucket-raymond-james]%0Amodule.research_data_sftp_server_s3_bucket["societe-generale"].module.s3_bucket.aws_s3_bucket.this[0]: Refreshing state... [id=upside-sftp-bucket-societe-generale]%0Amodule.factset_db.module.rds.module.db_instance.aws_iam_role.enhanced_monitoring[0]: Refreshing state... [id=upside-factset-db-monitoring-role]%0Amodule.research_data_sftp.aws_cloudformation_stack.identity_provider[0]: Refreshing state... [id=arn:aws:cloudformation:eu-west-2:***:stack/upside-research-data-sftp-idp/0ae45460-1848-11eb-805a-02495546d29e]%0Amodule.eks_cluster.module.eks.aws_iam_policy.cluster_elb_sl_role_creation[0]: Refreshing state... [id=arn:aws:iam::***:policy/upside-tooling-k8s-elb-sl-role-creation20210303165344761300000001]%0Amodule.datocms_backup_s3_bucket.module.s3_bucket.aws_s3_bucket.this[0]: Refreshing state... [id=upside-datocms-backups]%0Amodule.vpn.module.iam_role.aws_iam_role.this[0]: Refreshing state... [id=upside-vpn-shared-role]%0Amodule.eks_cluster.module.eks.aws_iam_role.cluster[0]: Refreshing state... [id=upside-tooling-k8s20210303165344761400000002]%0Amodule.upside_company_logo_s3_bucket.module.s3_bucket.aws_s3_bucket.this[0]: Refreshing state... [id=upside-company-logos]%0Amodule.test_research_data_sftp_server_s3_bucket["test"].module.role.aws_iam_role.this[0]: Refreshing state... [id=upside-sftp-bucket-test-role]%0Amodule.vpn.module.backup_s3_bucket.module.s3_bucket.aws_s3_bucket.this[0]: Refreshing state... [id=upside-vpn-shared-backups]%0Amodule.research_data_sftp.module.logging_role[0].aws_iam_role.this[0]: Refreshing state... [id=upside-research-data-sftp-role]%0Amodule.eks_cluster.aws_kms_alias.eks[0]: Refreshing state... [id=alias/upside-tooling-k8s]%0Amodule.research_data_sftp_server_s3_bucket["ubs"].module.role.aws_iam_role.this[0]: Refreshing state... [id=upside-sftp-bucket-ubs-role]%0Amodule.research_data_sftp_server_s3_bucket["goldman-sachs"].module.role.aws_iam_role.this[0]: Refreshing state... [id=upside-sftp-bucket-goldman-sachs-role]%0Amodule.bazel_cache_bucket.module.s3_bucket.aws_s3_bucket.this[0]: Refreshing state... [id=upside-bazel-cache]%0Amodule.research_data_sftp_server_s3_bucket["societe-generale"].module.role.aws_iam_role.this[0]: Refreshing state... [id=upside-sftp-bucket-societe-generale-role]%0Amodule.research_data_sftp_server_s3_bucket["bank-of-montreal"].module.role.aws_iam_role.this[0]: Refreshing state... [id=upside-sftp-bucket-bank-of-montreal-role]%0Amodule.research_data_sftp_server_s3_bucket["credit-suisse"].module.role.aws_iam_role.this[0]: Refreshing state... [id=upside-sftp-bucket-credit-suisse-role]%0Amodule.research_data_sftp_server_s3_bucket["bernstein"].module.role.aws_iam_role.this[0]: Refreshing state... [id=upside-sftp-bucket-bernstein-role]%0Amodule.research_data_sftp_server_s3_bucket["clsa"].module.role.aws_iam_role.this[0]: Refreshing state... [id=upside-sftp-bucket-clsa-role]%0Amodule.research_data_sftp_server_s3_bucket["barclays"].module.role.aws_iam_role.this[0]: Refreshing state... [id=upside-sftp-bucket-barclays-role]%0Amodule.research_data_sftp_server_s3_bucket["hsbc"].module.role.aws_iam_role.this[0]: Refreshing state... [id=upside-sftp-bucket-hsbc-role]%0Amodule.research_data_sftp_server_s3_bucket["raymond-james"].module.role.aws_iam_role.this[0]: Refreshing state... [id=upside-sftp-bucket-raymond-james-role]%0Amodule.tooling_vpc.module.vpc.aws_vpc_ipv4_cidr_block_association.this[0]: Refreshing state... [id=vpc-cidr-assoc-025259b92040e0d9c]%0Amodule.research_data_sftp_server_s3_bucket["jp-morgan"].module.role.aws_iam_role.this[0]: Refreshing state... [id=upside-sftp-bucket-jp-morgan-role]%0Amodule.upside_reference_data_s3_bucket.module.s3_bucket.aws_s3_bucket.this[0]: Refreshing state... [id=upside-reference-data]%0Amodule.factset_db.aws_kms_alias.this[0]: Refreshing state... [id=alias/upside-factset-db]%0Amodule.research_data_sftp.module.logging_policy[0].aws_iam_policy.policy: Refreshing state... [id=arn:aws:iam::***:policy/upside-research-data-sftp-policy]%0Amodule.eks_cluster.aws_cloudwatch_log_subscription_filter.cluster_logs_to_datadog[0]: Refreshing state... [id=cwlsf-1181108112]%0Amodule.external_subdomain.aws_route53_record.public[0]: Refreshing state... [id=Z2ZBDXF2NT54QT_external.upsidetechnology.co_NS]%0Amodule.factset_db.module.rds.module.db_instance.aws_iam_role_policy_attachment.enhanced_monitoring[0]: Refreshing state... [id=upside-factset-db-monitoring-role-20210520161704989600000002]%0Amodule.vpn.module.iam_role.aws_iam_instance_profile.this[0]: Refreshing state... [id=upside-vpn-shared-role]%0Amodule.test_research_data_sftp_server_s3_bucket["test"].module.s3_bucket.aws_s3_bucket_public_access_block.this[0]: Refreshing state... [id=upside-sftp-bucket-test]%0Amodule.tooling_vpc.module.vpc.aws_eip.nat[0]: Refreshing state... [id=eipalloc-03cbd645fbaa145a8]%0Amodule.eks_cluster.module.eks.aws_iam_role_policy_attachment.cluster_AmazonEKSClusterPolicy[0]: Refreshing state... [id=upside-tooling-k8s20210303165344761400000002-20210303165345913000000006]%0Amodule.eks_cluster.module.eks.aws_iam_role_policy_attachment.cluster_elb_sl_role_creation[0]: Refreshing state... [id=upside-tooling-k8s20210303165344761400000002-20210303165346258700000009]%0Amodule.eks_cluster.module.eks.aws_iam_role_policy_attachment.cluster_AmazonEKSVPCResourceControllerPolicy[0]: Refreshing state... [id=upside-tooling-k8s20210303165344761400000002-20210303165345920700000008]%0Amodule.eks_cluster.module.eks.aws_iam_role_policy_attachment.cluster_AmazonEKSServicePolicy[0]: Refreshing state... [id=upside-tooling-k8s20210303165344761400000002-20210303165345920600000007]%0Amodule.tooling_vpc.module.vpc.aws_subnet.private[1]: Refreshing state... [id=subnet-05e55c464eef4639f]%0Amodule.tooling_vpc.module.vpc.aws_subnet.private[0]: Refreshing state... [id=subnet-03f35ea43bed97e8e]%0Amodule.tooling_vpc.module.vpc.aws_vpn_gateway.this[0]: Refreshing state... [id=vgw-094c0907846172f4c]%0Amodule.tooling_vpc.module.vpc.aws_subnet.private[2]: Refreshing state... [id=subnet-0cd2369371a1758bc]%0Amodule.tooling_vpc.module.vpc.aws_internet_gateway.this[0]: Refreshing state... [id=igw-0779ecd6132714f48]%0Amodule.tooling_vpc.module.vpc.aws_route_table.private[0]: Refreshing state... [id=rtb-0d515f2bf66ac35e0]%0Amodule.tooling_vpc.module.vpc.aws_route_table.public[0]: Refreshing state... [id=rtb-0a147c43d0400adb4]%0Amodule.tooling_vpc.module.vpc.aws_route_table.database[0]: Refreshing state... [id=rtb-016aac1735dd4341f]%0Amodule.tooling_vpc.module.vpc.aws_subnet.database[1]: Refreshing state... [id=subnet-0a857d6ebe71c80a8]%0Amodule.tooling_vpc.module.vpc.aws_subnet.database[0]: Refreshing state... [id=subnet-025b38cfd559407c5]%0Amodule.tooling_vpc.module.vpc.aws_subnet.database[2]: Refreshing state... [id=subnet-00c7a886eb14f926f]%0Amodule.tooling_vpc.module.vpc.aws_subnet.public[1]: Refreshing state... [id=subnet-0613a9a7dc66727db]%0Amodule.tooling_vpc.module.vpc.aws_subnet.public[2]: Refreshing state... [id=subnet-03d5c3594b93b559b]%0Amodule.tooling_vpc.module.vpc.aws_subnet.public[0]: Refreshing state... [id=subnet-0658b52dbd9e14395]%0Amodule.external_subdomain.aws_route53_zone.private[0]: Refreshing state... [id=Z02777658061BOSCAIN7]%0Amodule.external_subdomain.module.cert[0].aws_route53_record.validation[0]: Refreshing state... [id=Z06470773736DQ6R3VHI3__bc1fc1ac6d1e7ab2dd7d75429dbfd305.external.upsidetechnology.co._CNAME]%0Aaws_sqs_queue_policy.test_research_data_notifications: Refreshing state... [id=https://sqs.eu-west-2.amazonaws.com/***/upside-test-research-data-sqs]%0Amodule.test_research_data_sftp_server_s3_bucket["test"].module.policy.aws_iam_policy.policy: Refreshing state... [id=arn:aws:iam::***:policy/upside-sftp-bucket-test-policy]%0Amodule.test_research_data_sftp_server_s3_bucket["test"].aws_s3_bucket_metric.this[0]: Refreshing state... [id=upside-sftp-bucket-test:EntireBucket]%0Amodule.eks_cluster.module.worker_nodes_sg.aws_security_group.this_name_prefix[0]: Refreshing state... [id=sg-0f54da23a21353b5f]%0Amodule.vpn.module.security_group.aws_security_group.this_name_prefix[0]: Refreshing state... [id=sg-07f07bec7643678f0]%0Amodule.research_data_sftp_server_s3_bucket["barclays"].module.s3_bucket.aws_s3_bucket_public_access_block.this[0]: Refreshing state... [id=upside-sftp-bucket-barclays]%0Amodule.eks_cluster.module.eks.aws_security_group.cluster[0]: Refreshing state... [id=sg-0e8bc957f1a573747]%0Amodule.research_data_sftp.module.security_group[0].aws_security_group.this_name_prefix[0]: Refreshing state... [id=sg-04a94d5fd375a73a6]%0Amodule.eks_cluster.module.eks.aws_security_group.workers[0]: Refreshing state... [id=sg-0fd132d780bc89629]%0Amodule.factset_db.module.rds_sg.aws_security_group.this_name_prefix[0]: Refreshing state... [id=sg-08aeb1f8245523e93]%0Amodule.research_data_sftp_server_s3_bucket["societe-generale"].module.s3_bucket.aws_s3_bucket_public_access_block.this[0]: Refreshing state... [id=upside-sftp-bucket-societe-generale]%0Amodule.research_data_sftp_server_s3_bucket["credit-suisse"].module.s3_bucket.aws_s3_bucket_public_access_block.this[0]: Refreshing state... [id=upside-sftp-bucket-credit-suisse]%0Amodule.research_data_sftp_server_s3_bucket["raymond-james"].module.s3_bucket.aws_s3_bucket_public_access_block.this[0]: Refreshing state... [id=upside-sftp-bucket-raymond-james]%0Amodule.research_data_sftp_server_s3_bucket["ubs"].module.s3_bucket.aws_s3_bucket_public_access_block.this[0]: Refreshing state... [id=upside-sftp-bucket-ubs]%0Amodule.research_data_sftp_server_s3_bucket["goldman-sachs"].module.s3_bucket.aws_s3_bucket_public_access_block.this[0]: Refreshing state... [id=upside-sftp-bucket-goldman-sachs]%0Amodule.research_data_sftp_server_s3_bucket["bernstein"].module.s3_bucket.aws_s3_bucket_public_access_block.this[0]: Refreshing state... [id=upside-sftp-bucket-bernstein]%0Amodule.research_data_sftp_server_s3_bucket["bank-of-montreal"].module.s3_bucket.aws_s3_bucket_public_access_block.this[0]: Refreshing state... [id=upside-sftp-bucket-bank-of-montreal]%0Amodule.research_data_sftp_server_s3_bucket["clsa"].module.s3_bucket.aws_s3_bucket_public_access_block.this[0]: Refreshing state... [id=upside-sftp-bucket-clsa]%0Amodule.research_data_sftp_server_s3_bucket["hsbc"].module.s3_bucket.aws_s3_bucket_public_access_block.this[0]: Refreshing state... [id=upside-sftp-bucket-hsbc]%0Amodule.research_data_sftp_server_s3_bucket["jp-morgan"].module.s3_bucket.aws_s3_bucket_public_access_block.this[0]: Refreshing state... [id=upside-sftp-bucket-jp-morgan]%0Amodule.datocms_backup_s3_bucket.module.s3_bucket.aws_s3_bucket_public_access_block.this[0]: Refreshing state... [id=upside-datocms-backups]%0Amodule.upside_company_logo_s3_bucket.module.s3_bucket.aws_s3_bucket_public_access_block.this[0]: Refreshing state... [id=upside-company-logos]%0Amodule.research_data_notifications_sns.aws_sns_topic_subscription.this["https"]: Refreshing state... [id=arn:aws:sns:eu-west-2:***:upside-research-data-sftp-notifications:2c6967fc-8cd6-4106-b92e-da4cc96ec92d]%0Amodule.research_data_notifications_sns.aws_sns_topic_subscription.this["lambda"]: Refreshing state... [id=arn:aws:sns:eu-west-2:***:upside-research-data-sftp-notifications:b3b3c8dd-5487-40c1-9c67-d490e4d6c926]%0Amodule.vpn.module.backup_s3_bucket.module.s3_bucket.aws_s3_bucket_public_access_block.this[0]: Refreshing state... [id=upside-vpn-shared-backups]%0Amodule.bazel_cache_bucket.module.s3_bucket.aws_s3_bucket_public_access_block.this[0]: Refreshing state... [id=upside-bazel-cache]%0Amodule.tooling_vpc.module.vpc.aws_route.public_internet_gateway[0]: Refreshing state... [id=r-rtb-0a147c43d0400adb41080289494]%0Amodule.tooling_vpc.module.vpc.aws_route_table_association.private[1]: Refreshing state... [id=rtbassoc-04c40b9028f3e122d]%0Amodule.tooling_vpc.module.vpc.aws_route_table_association.private[2]: Refreshing state... [id=rtbassoc-0183f554bfe65cde7]%0Amodule.tooling_vpc.module.vpc.aws_route_table_association.private[0]: Refreshing state... [id=rtbassoc-0b49f6aed8416e89f]%0Amodule.tooling_vpc.module.vpc.aws_vpn_gateway_route_propagation.private[0]: Refreshing state... [id=vgw-094c0907846172f4c_rtb-0d515f2bf66ac35e0]%0Amodule.tooling_vpc.module.vpc.aws_vpn_gateway_route_propagation.private[1]: Refreshing state... [id=vgw-094c0907846172f4c_rtb-0d515f2bf66ac35e0]%0Amodule.tooling_vpc.module.vpc.aws_vpn_gateway_route_propagation.private[2]: Refreshing state... [id=vgw-094c0907846172f4c_rtb-0d515f2bf66ac35e0]%0Amodule.tooling_vpc.module.vpc.aws_db_subnet_group.database[0]: Refreshing state... [id=upside-tooling-vpc]%0Amodule.tooling_vpc.module.vpc.aws_route_table_association.database[0]: Refreshing state... [id=rtbassoc-07717601c55f7d86c]%0Amodule.tooling_vpc.module.vpc.aws_route_table_association.database[1]: Refreshing state... [id=rtbassoc-07896ad3b603551fd]%0Amodule.tooling_vpc.module.vpc.aws_route_table_association.database[2]: Refreshing state... [id=rtbassoc-08d212e8619664b09]%0Amodule.tooling_vpc.module.vpc.aws_route_table_association.public[0]: Refreshing state... [id=rtbassoc-0fce2661d42f2f81b]%0Amodule.tooling_vpc.module.vpc.aws_route_table_association.public[1]: Refreshing state... [id=rtbassoc-09942c29c9497522c]%0Amodule.tooling_vpc.module.vpc.aws_route_table_association.public[2]: Refreshing state... [id=rtbassoc-08816c028188f010d]%0Amodule.research_data_sftp_server_s3_bucket["ubs"].module.policy.aws_iam_policy.policy: Refreshing state... [id=arn:aws:iam::***:policy/upside-sftp-bucket-ubs-policy]%0Amodule.research_data_sftp_server_s3_bucket["raymond-james"].module.policy.aws_iam_policy.policy: Refreshing state... [id=arn:aws:iam::***:policy/upside-sftp-bucket-raymond-james-policy]%0Amodule.research_data_sftp_server_s3_bucket["clsa"].module.policy.aws_iam_policy.policy: Refreshing state... [id=arn:aws:iam::***:policy/upside-sftp-bucket-clsa-policy]%0Amodule.research_data_sftp_server_s3_bucket["credit-suisse"].module.policy.aws_iam_policy.policy: Refreshing state... [id=arn:aws:iam::***:policy/upside-sftp-bucket-credit-suisse-policy]%0Amodule.research_data_sftp_server_s3_bucket["hsbc"].module.policy.aws_iam_policy.policy: Refreshing state... [id=arn:aws:iam::***:policy/upside-sftp-bucket-hsbc-policy]%0Amodule.research_data_sftp_server_s3_bucket["bank-of-montreal"].module.policy.aws_iam_policy.policy: Refreshing state... [id=arn:aws:iam::***:policy/upside-sftp-bucket-bank-of-montreal-policy]%0Amodule.research_data_sftp_server_s3_bucket["bernstein"].module.policy.aws_iam_policy.policy: Refreshing state... [id=arn:aws:iam::***:policy/upside-sftp-bucket-bernstein-policy]%0Amodule.research_data_sftp_server_s3_bucket["societe-generale"].module.policy.aws_iam_policy.policy: Refreshing state... [id=arn:aws:iam::***:policy/upside-sftp-bucket-societe-generale-policy]%0Amodule.research_data_sftp_server_s3_bucket["barclays"].module.policy.aws_iam_policy.policy: Refreshing state... [id=arn:aws:iam::***:policy/upside-sftp-bucket-barclays-policy]%0Amodule.research_data_sftp_server_s3_bucket["goldman-sachs"].module.policy.aws_iam_policy.policy: Refreshing state... [id=arn:aws:iam::***:policy/upside-sftp-bucket-goldman-sachs-policy]%0Amodule.research_data_sftp_server_s3_bucket["jp-morgan"].module.policy.aws_iam_policy.policy: Refreshing state... [id=arn:aws:iam::***:policy/upside-sftp-bucket-jp-morgan-policy]%0Amodule.upside_company_logo_s3_bucket.aws_s3_bucket_metric.this[0]: Refreshing state... [id=upside-company-logos:EntireBucket]%0Amodule.research_data_sftp_server_s3_bucket["societe-generale"].aws_s3_bucket_metric.this[0]: Refreshing state... [id=upside-sftp-bucket-societe-generale:EntireBucket]%0Amodule.research_data_sftp_server_s3_bucket["hsbc"].aws_s3_bucket_metric.this[0]: Refreshing state... [id=upside-sftp-bucket-hsbc:EntireBucket]%0Amodule.upside_reference_data_s3_bucket.module.s3_bucket.aws_s3_bucket_public_access_block.this[0]: Refreshing state... [id=upside-reference-data]%0Amodule.research_data_sftp_server_s3_bucket["jp-morgan"].aws_s3_bucket_metric.this[0]: Refreshing state... [id=upside-sftp-bucket-jp-morgan:EntireBucket]%0Amodule.research_data_sftp_server_s3_bucket["clsa"].aws_s3_bucket_metric.this[0]: Refreshing state... [id=upside-sftp-bucket-clsa:EntireBucket]%0Amodule.research_data_sftp_server_s3_bucket["goldman-sachs"].aws_s3_bucket_metric.this[0]: Refreshing state... [id=upside-sftp-bucket-goldman-sachs:EntireBucket]%0Amodule.research_data_sftp_server_s3_bucket["ubs"].aws_s3_bucket_metric.this[0]: Refreshing state... [id=upside-sftp-bucket-ubs:EntireBucket]%0Amodule.research_data_sftp_server_s3_bucket["barclays"].aws_s3_bucket_metric.this[0]: Refreshing state... [id=upside-sftp-bucket-barclays:EntireBucket]%0Amodule.research_data_sftp_server_s3_bucket["bank-of-montreal"].aws_s3_bucket_metric.this[0]: Refreshing state... [id=upside-sftp-bucket-bank-of-montreal:EntireBucket]%0Amodule.research_data_sftp_server_s3_bucket["bernstein"].aws_s3_bucket_metric.this[0]: Refreshing state... [id=upside-sftp-bucket-bernstein:EntireBucket]%0Amodule.research_data_sftp_server_s3_bucket["credit-suisse"].aws_s3_bucket_metric.this[0]: Refreshing state... [id=upside-sftp-bucket-credit-suisse:EntireBucket]%0Amodule.research_data_sftp_server_s3_bucket["raymond-james"].aws_s3_bucket_metric.this[0]: Refreshing state... [id=upside-sftp-bucket-raymond-james:EntireBucket]%0Amodule.tooling_vpc.module.vpc.aws_nat_gateway.this[0]: Refreshing state... [id=nat-0e21d944026d48a41]%0Aaws_sns_topic_subscription.test_research_data_notifications: Refreshing state... [id=arn:aws:sns:eu-west-2:***:upside-research-data-sftp-test-notifications:81c3200e-4d0d-448f-8f33-aeaed01ddd45]%0Amodule.upside_reference_data_s3_bucket.aws_s3_bucket_metric.this[0]: Refreshing state... [id=upside-reference-data:EntireBucket]%0Amodule.vpn.module.s3_policy.aws_iam_policy.policy: Refreshing state... [id=arn:aws:iam::***:policy/upside-vpn-shared-policy]%0Amodule.research_data_sftp.module.logging_role[0].aws_iam_role_policy_attachment.custom[0]: Refreshing state... [id=upside-research-data-sftp-role-20201027113223137300000002]%0Amodule.eks_cluster.module.eks.aws_security_group_rule.cluster_egress_internet[0]: Refreshing state... [id=sgrule-1136396696]%0Amodule.vpn.module.security_group.aws_security_group_rule.egress_rules[0]: Refreshing state... [id=sgrule-2562719834]%0Amodule.factset_db.module.rds_sg.aws_security_group_rule.ingress_with_cidr_blocks[0]: Refreshing state... [id=sgrule-2582523749]%0Amodule.eks_cluster.module.eks.aws_security_group_rule.workers_ingress_self[0]: Refreshing state... [id=sgrule-3186146875]%0Amodule.eks_cluster.module.eks.aws_security_group_rule.workers_ingress_cluster[0]: Refreshing state... [id=sgrule-174895924]%0Amodule.eks_cluster.module.eks.aws_security_group_rule.workers_egress_internet[0]: Refreshing state... [id=sgrule-3503579015]%0Amodule.eks_cluster.module.eks.aws_security_group_rule.cluster_https_worker_ingress[0]: Refreshing state... [id=sgrule-1825965389]%0Amodule.eks_cluster.module.eks.aws_security_group_rule.workers_ingress_cluster_https[0]: Refreshing state... [id=sgrule-594811325]%0Amodule.research_data_sftp.module.security_group[0].aws_security_group_rule.ingress_with_cidr_blocks[2]: Refreshing state... [id=sgrule-3969288891]%0Amodule.research_data_sftp.module.security_group[0].aws_security_group_rule.ingress_with_cidr_blocks[1]: Refreshing state... [id=sgrule-3316463653]%0Amodule.research_data_sftp.module.security_group[0].aws_security_group_rule.ingress_with_cidr_blocks[7]: Refreshing state... [id=sgrule-4106563470]%0Amodule.research_data_sftp.module.security_group[0].aws_security_group_rule.ingress_with_cidr_blocks[5]: Refreshing state... [id=sgrule-1192308642]%0Amodule.research_data_sftp.module.security_group[0].aws_security_group_rule.ingress_with_cidr_blocks[0]: Refreshing state... [id=sgrule-1765193912]%0Amodule.research_data_sftp.module.security_group[0].aws_security_group_rule.ingress_with_cidr_blocks[4]: Refreshing state... [id=sgrule-3044849318]%0Amodule.research_data_sftp.module.security_group[0].aws_security_group_rule.ingress_with_cidr_blocks[3]: Refreshing state... [id=sgrule-1424448001]%0Amodule.research_data_sftp.module.security_group[0].aws_security_group_rule.ingress_with_cidr_blocks[6]: Refreshing state... [id=sgrule-2608754289]%0Amodule.research_data_sftp.module.security_group[0].aws_security_group_rule.ingress_with_cidr_blocks[8]: Refreshing state... [id=sgrule-2381015340]%0Amodule.external_subdomain.aws_route53_record.private[0]: Refreshing state... [id=Z09905261DPA59R6X1BKN_external.upsidetechnology.co_NS]%0Amodule.external_subdomain.module.cert[0].aws_acm_certificate_validation.this[0]: Refreshing state... [id=2021-03-04 11:55:09 +0000 UTC]%0Amodule.vpn.module.security_group.aws_security_group_rule.ingress_with_cidr_blocks[1]: Refreshing state... [id=sgrule-1387679938]%0Amodule.vpn.module.security_group.aws_security_group_rule.ingress_with_cidr_blocks[3]: Refreshing state... [id=sgrule-1674950190]%0Amodule.vpn.module.security_group.aws_security_group_rule.ingress_with_cidr_blocks[4]: Refreshing state... [id=sgrule-2617119542]%0Amodule.bazel_cache_oidc_role.module.oidc_role_policy.aws_iam_policy.policy: Refreshing state... [id=arn:aws:iam::***:policy/upside-tooling-k8s-bazel-cache]%0Amodule.vpn.module.security_group.aws_security_group_rule.ingress_with_cidr_blocks[2]: Refreshing state... [id=sgrule-2255676961]%0Amodule.vpn.module.security_group.aws_security_group_rule.ingress_with_cidr_blocks[0]: Refreshing state... [id=sgrule-2566667778]%0Amodule.ice_direct_connect.aws_dx_gateway_association.this: Refreshing state... [id=ga-89b582a9-f9e2-4484-b116-55eb3cd15d60vgw-094c0907846172f4c]%0Amodule.research_data_sftp.aws_eip.this[0]: Refreshing state... [id=eipalloc-03e851b242e768b33]%0Amodule.research_data_sftp.aws_eip.this[1]: Refreshing state... [id=eipalloc-01e8c08cbda20a350]%0Amodule.research_data_sftp.aws_eip.this[2]: Refreshing state... [id=eipalloc-0367b0d6cb26372a8]%0Amodule.tooling_vpc.module.vpc.aws_route.private_nat_gateway[0]: Refreshing state... [id=r-rtb-0d515f2bf66ac35e01080289494]%0Amodule.eks_cluster.module.eks.aws_eks_cluster.this[0]: Refreshing state... [id=upside-tooling-k8s]%0Amodule.test_research_data_sftp_server_s3_bucket["test"].module.role.aws_iam_role_policy_attachment.custom[0]: Refreshing state... [id=upside-sftp-bucket-test-role-20210528160434418600000001]%0Amodule.vpn.module.ec2.aws_instance.this[0]: Refreshing state... [id=i-0bfe70d9a23356348]%0Amodule.eks_cluster.module.worker_nodes_sg.aws_security_group_rule.ingress_with_source_security_group_id[0]: Refreshing state... [id=sgrule-3500995928]%0Amodule.factset_db.module.rds_sg.aws_security_group_rule.ingress_with_source_security_group_id[0]: Refreshing state... [id=sgrule-1623363692]%0Amodule.research_data_sftp.aws_transfer_server.this: Refreshing state... [id=s-e3f088484bdf42629]%0Amodule.tooling_vpc.module.vpc_endpoints.aws_vpc_endpoint.this["s3"]: Refreshing state... [id=vpce-006dfa4b5151f835e]%0Amodule.factset_db.module.rds.module.db_instance.aws_db_instance.this[0]: Refreshing state... [id=upside-factset-db]%0Amodule.research_data_sftp.aws_route53_record.this_private[0]: Refreshing state... [id=Z09905261DPA59R6X1BKN_sftp-research.upsidetechnology.co_A]%0Amodule.research_data_sftp.aws_cloudwatch_log_subscription_filter.logs_to_datadog[0]: Refreshing state... [id=cwlsf-3037347038]%0Amodule.research_data_sftp.aws_route53_record.this_public[0]: Refreshing state... [id=Z2ZBDXF2NT54QT_sftp-research.upsidetechnology.co_CNAME]%0Amodule.eks_cluster.module.eks.aws_iam_openid_connect_provider.oidc_provider[0]: Refreshing state... [id=arn:aws:iam::***:oidc-provider/oidc.eks.eu-west-2.amazonaws.com/id/AB190C65EA5928EB19C18B5376AD4066]%0Amodule.eks_cluster.module.eks.aws_security_group_rule.cluster_private_access_cidrs_source[0]: Refreshing state... [id=sgrule-2261080314]%0Amodule.eks_cluster.module.eks.aws_iam_role.workers[0]: Refreshing state... [id=upside-tooling-k8s2021030317055442250000000a]%0Amodule.research_data_sftp_server_s3_bucket["bernstein"].module.role.aws_iam_role_policy_attachment.custom[0]: Refreshing state... [id=upside-sftp-bucket-bernstein-role-20210115133659328900000001]%0Amodule.research_data_sftp_server_s3_bucket["jp-morgan"].module.role.aws_iam_role_policy_attachment.custom[0]: Refreshing state... [id=upside-sftp-bucket-jp-morgan-role-20201107010656009500000002]%0Amodule.research_data_sftp_server_s3_bucket["goldman-sachs"].module.role.aws_iam_role_policy_attachment.custom[0]: Refreshing state... [id=upside-sftp-bucket-goldman-sachs-role-20210504100132453900000001]%0Amodule.research_data_sftp_server_s3_bucket["raymond-james"].module.role.aws_iam_role_policy_attachment.custom[0]: Refreshing state... [id=upside-sftp-bucket-raymond-james-role-20201107010656024100000003]%0Amodule.research_data_sftp_server_s3_bucket["societe-generale"].module.role.aws_iam_role_policy_attachment.custom[0]: Refreshing state... [id=upside-sftp-bucket-societe-generale-role-20201107010656043700000006]%0Amodule.research_data_sftp_server_s3_bucket["credit-suisse"].module.role.aws_iam_role_policy_attachment.custom[0]: Refreshing state... [id=upside-sftp-bucket-credit-suisse-role-20201027120915454900000006]%0Amodule.research_data_sftp_server_s3_bucket["ubs"].module.role.aws_iam_role_policy_attachment.custom[0]: Refreshing state... [id=upside-sftp-bucket-ubs-role-20201107010656025200000004]%0Amodule.research_data_sftp_server_s3_bucket["barclays"].module.role.aws_iam_role_policy_attachment.custom[0]: Refreshing state... [id=upside-sftp-bucket-barclays-role-20201107010656025200000005]%0Amodule.research_data_sftp_server_s3_bucket["bank-of-montreal"].module.role.aws_iam_role_policy_attachment.custom[0]: Refreshing state... [id=upside-sftp-bucket-bank-of-montreal-role-20201107010656109000000007]%0Amodule.research_data_sftp_server_s3_bucket["hsbc"].module.role.aws_iam_role_policy_attachment.custom[0]: Refreshing state... [id=upside-sftp-bucket-hsbc-role-20201208142211367000000001]%0Amodule.research_data_sftp_server_s3_bucket["clsa"].module.role.aws_iam_role_policy_attachment.custom[0]: Refreshing state... [id=upside-sftp-bucket-clsa-role-20210115174118040900000001]%0Amodule.vpn.module.iam_role.aws_iam_role_policy_attachment.custom[0]: Refreshing state... [id=upside-vpn-shared-role-20201009013640518900000002]%0Amodule.vpn.module.iam_role.aws_iam_role_policy_attachment.custom[1]: Refreshing state... [id=upside-vpn-shared-role-20201009224314599000000001]%0Amodule.vpn.aws_eip.this[0]: Refreshing state... [id=eipalloc-0fdba1c18d4e06ef7]%0Aaws_sns_topic_policy.test_research_data_notifications: Refreshing state... [id=arn:aws:sns:eu-west-2:***:upside-research-data-sftp-test-notifications]%0Amodule.vpn.aws_route53_record.this_private[0]: Refreshing state... [id=Z09905261DPA59R6X1BKN_vpn.upsidetechnology.co_A]%0Amodule.factset_db.aws_cloudwatch_log_subscription_filter.rds_logs_to_datadog[0]: Refreshing state... [id=cwlsf-485670861]%0Anull_resource.postgresql_provider: Refreshing state... [id=6630488209670225267]%0Amodule.bazel_cache_oidc_role.module.oidc_role.aws_iam_role.this[0]: Refreshing state... [id=upside-tooling-k8s-bazel-cache]%0Amodule.eks_cluster.module.external_secrets_oidc_role[0].module.oidc_role.aws_iam_role.this[0]: Refreshing state... [id=upside-tooling-k8s-external-secrets]%0Amodule.eks_cluster.module.external_secrets_oidc_role[0].module.oidc_role_policy.aws_iam_policy.policy: Refreshing state... [id=arn:aws:iam::***:policy/upside-tooling-k8s-external-secrets]%0Amodule.eks_cluster.module.external_dns_oidc_role[0].module.oidc_role_policy.aws_iam_policy.policy: Refreshing state... [id=arn:aws:iam::***:policy/upside-tooling-k8s-external-dns]%0Amodule.eks_cluster.module.external_dns_oidc_role[0].module.oidc_role.aws_iam_role.this[0]: Refreshing state... [id=upside-tooling-k8s-external-dns]%0Amodule.eks_cluster.module.aws_load_balancer_controller_oidc_role[0].module.oidc_role_policy.aws_iam_policy.policy: Refreshing state... [id=arn:aws:iam::***:policy/upside-tooling-k8s-aws-load-balancer-controller]%0Aaws_s3_bucket_notification.test_research_data_sftp_server_s3_bucket["test"]: Refreshing state... [id=upside-sftp-bucket-test]%0Amodule.eks_cluster.module.aws_load_balancer_controller_oidc_role[0].module.oidc_role.aws_iam_role.this[0]: Refreshing state... [id=upside-tooling-k8s-aws-load-balancer-controller]%0Amodule.vpn.aws_route53_record.this_public[0]: Refreshing state... [id=Z2ZBDXF2NT54QT_vpn.upsidetechnology.co_A]%0Amodule.factset_sync_role.postgresql_role.this: Refreshing state... [id=factset_sync]%0Amodule.factset_download_role.postgresql_role.this: Refreshing state... [id=factset_download]%0Amodule.eks_cluster.module.eks.aws_iam_role_policy_attachment.workers_AmazonEC2ContainerRegistryReadOnly[0]: Refreshing state... [id=upside-tooling-k8s2021030317055442250000000a-2021030317055568340000000f]%0Amodule.eks_cluster.module.eks.aws_iam_role_policy_attachment.workers_AmazonEKSWorkerNodePolicy[0]: Refreshing state... [id=upside-tooling-k8s2021030317055442250000000a-2021030317055567810000000d]%0Amodule.eks_cluster.module.eks.aws_iam_role_policy_attachment.workers_AmazonEKS_CNI_Policy[0]: Refreshing state... [id=upside-tooling-k8s2021030317055442250000000a-2021030317055567930000000e]%0Amodule.factset_default_db.postgresql_schema.this["fds"]: Refreshing state... [id=factset.fds]%0Amodule.factset_default_db.postgresql_schema.this["fds_scratch"]: Refreshing state... [id=factset.fds_scratch]%0Amodule.eks_cluster.aws_iam_role_policy_attachment.worker_ssm_managed[0]: Refreshing state... [id=upside-tooling-k8s2021030317055442250000000a-2021030317055567800000000c]%0Amodule.eks_cluster.module.eks.aws_iam_instance_profile.workers_launch_template[0]: Refreshing state... [id=upside-tooling-k8s2021030317055527480000000b]%0Amodule.eks_cluster.module.private_registry[0].kubernetes_cluster_role.this: Refreshing state... [id=imagepullsecrets-patcher]%0Amodule.eks_cluster.module.private_registry[0].kubernetes_service_account.this: Refreshing state... [id=kube-system/imagepullsecrets-patcher]%0Amodule.eks_cluster.module.private_registry[0].kubernetes_secret.this: Refreshing state... [id=kube-system/imagepullsecrets-patcher]%0Akubernetes_namespace.bazel_namespace: Refreshing state... [id=bazel]%0Aaws_sns_topic_policy.research_data_notifications: Refreshing state... [id=arn:aws:sns:eu-west-2:***:upside-research-data-sftp-notifications]%0Amodule.factset_download_role.postgresql_default_privileges.table["fds_scratch"]: Refreshing state... [id=factset_download_factset_fds_scratch_upside_table]%0Amodule.factset_download_role.postgresql_default_privileges.table["fds"]: Refreshing state... [id=factset_download_factset_fds_upside_table]%0Amodule.factset_download_role.postgresql_grant.table["fds"]: Refreshing state... [id=factset_download_factset_fds_table]%0Amodule.factset_download_role.postgresql_grant.table["fds_scratch"]: Refreshing state... [id=factset_download_factset_fds_scratch_table]%0Amodule.factset_download_role.postgresql_grant.schema["fds"]: Refreshing state... [id=factset_download_factset_fds_schema]%0Amodule.factset_download_role.postgresql_grant.schema["fds_scratch"]: Refreshing state... [id=factset_download_factset_fds_scratch_schema]%0Amodule.factset_sync_role.postgresql_grant.table["fds"]: Refreshing state... [id=factset_sync_factset_fds_table]%0Amodule.factset_sync_role.postgresql_grant.table["fds_scratch"]: Refreshing state... [id=factset_sync_factset_fds_scratch_table]%0Amodule.bazel_cache_oidc_role.module.oidc_role.aws_iam_role_policy_attachment.custom[0]: Refreshing state... [id=upside-tooling-k8s-bazel-cache-20210601143453916200000001]%0Amodule.factset_sync_role.postgresql_grant.schema["fds"]: Refreshing state... [id=factset_sync_factset_fds_schema]%0Amodule.factset_sync_role.postgresql_grant.schema["fds_scratch"]: Refreshing state... [id=factset_sync_factset_fds_scratch_schema]%0Amodule.factset_sync_role.postgresql_default_privileges.table["fds"]: Refreshing state... [id=factset_sync_factset_fds_factset_download_table]%0Amodule.factset_sync_role.postgresql_default_privileges.table["fds_scratch"]: Refreshing state... [id=factset_sync_factset_fds_scratch_factset_download_table]%0Aaws_s3_bucket_notification.research_data_sftp_server_s3_bucket["credit-suisse"]: Refreshing state... [id=upside-sftp-bucket-credit-suisse]%0Aaws_s3_bucket_notification.research_data_sftp_server_s3_bucket["clsa"]: Refreshing state... [id=upside-sftp-bucket-clsa]%0Aaws_s3_bucket_notification.research_data_sftp_server_s3_bucket["goldman-sachs"]: Refreshing state... [id=upside-sftp-bucket-goldman-sachs]%0Aaws_s3_bucket_notification.research_data_sftp_server_s3_bucket["raymond-james"]: Refreshing state... [id=upside-sftp-bucket-raymond-james]%0Aaws_s3_bucket_notification.research_data_sftp_server_s3_bucket["bank-of-montreal"]: Refreshing state... [id=upside-sftp-bucket-bank-of-montreal]%0Aaws_s3_bucket_notification.research_data_sftp_server_s3_bucket["barclays"]: Refreshing state... [id=upside-sftp-bucket-barclays]%0Aaws_s3_bucket_notification.research_data_sftp_server_s3_bucket["hsbc"]: Refreshing state... [id=upside-sftp-bucket-hsbc]%0Aaws_s3_bucket_notification.research_data_sftp_server_s3_bucket["jp-morgan"]: Refreshing state... [id=upside-sftp-bucket-jp-morgan]%0Aaws_s3_bucket_notification.research_data_sftp_server_s3_bucket["societe-generale"]: Refreshing state... [id=upside-sftp-bucket-societe-generale]%0Aaws_s3_bucket_notification.research_data_sftp_server_s3_bucket["ubs"]: Refreshing state... [id=upside-sftp-bucket-ubs]%0Aaws_s3_bucket_notification.research_data_sftp_server_s3_bucket["bernstein"]: Refreshing state... [id=upside-sftp-bucket-bernstein]%0Amodule.eks_cluster.module.external_dns_oidc_role[0].module.oidc_role.aws_iam_role_policy_attachment.custom[0]: Refreshing state... [id=upside-tooling-k8s-external-dns-20210527141707779500000001]%0Akubernetes_service.bazel_cache_service: Refreshing state... [id=bazel/bazel-cache]%0Amodule.eks_cluster.module.private_registry[0].kubernetes_cluster_role_binding.this: Refreshing state... [id=imagepullsecrets-patcher]%0Amodule.eks_cluster.module.external_secrets_oidc_role[0].module.oidc_role.aws_iam_role_policy_attachment.custom[0]: Refreshing state... [id=upside-tooling-k8s-external-secrets-20210527141707811600000002]%0Amodule.eks_cluster.module.aws_load_balancer_controller_oidc_role[0].module.oidc_role.aws_iam_role_policy_attachment.custom[0]: Refreshing state... [id=upside-tooling-k8s-aws-load-balancer-controller-20210527141708205400000003]%0Akubernetes_ingress.bazel_cache_ingress: Refreshing state... [id=bazel/bazel-cache]%0Amodule.eks_cluster.module.private_registry[0].kubernetes_deployment.this: Refreshing state... [id=kube-system/imagepullsecrets-patcher]%0Amodule.eks_cluster.module.eks.kubernetes_config_map.aws_auth[0]: Refreshing state... [id=kube-system/aws-auth]%0Amodule.eks_cluster.module.eks.aws_launch_template.workers_launch_template[0]: Refreshing state... [id=lt-0c226a02605774668]%0Akubernetes_service_account.bazel_cache_service_account: Refreshing state... [id=bazel/bazel-cache]%0Akubernetes_deployment.bazel_cache_deployment: Refreshing state... [id=bazel/bazel-cache]%0Amodule.eks_cluster.module.eks.aws_autoscaling_group.workers_launch_template[0]: Refreshing state... [id=upside-tooling-k8s-worker20210303170556811200000012]%0Amodule.eks_cluster.helm_release.kubernetes_dashboard[0]: Refreshing state... [id=kubernetes-dashboard]%0Amodule.eks_cluster.helm_release.external_secrets[0]: Refreshing state... [id=kubernetes-external-secrets]%0Amodule.eks_cluster.kubernetes_cluster_role_binding.admins: Refreshing state... [id=admins]%0Amodule.eks_cluster.kubernetes_cluster_role.developers: Refreshing state... [id=developers]%0Amodule.eks_cluster.kubernetes_cluster_role_binding.viewers: Refreshing state... [id=viewers]%0Amodule.eks_cluster.helm_release.metrics_server[0]: Refreshing state... [id=metrics-server]%0Amodule.eks_cluster.kubernetes_namespace.monitoring: Refreshing state... [id=monitoring]%0Amodule.eks_cluster.helm_release.aws_load_balancer_controller[0]: Refreshing state... [id=aws-load-balancer-controller]%0Amodule.eks_cluster.helm_release.external_dns[0]: Refreshing state... [id=external-dns]%0Amodule.eks_cluster.kubernetes_cluster_role_binding.developers: Refreshing state... [id=developers]%0Amodule.eks_cluster.helm_release.datadog[0]: Refreshing state... [id=datadog]%0A%0ANote: Objects have changed outside of Terraform%0A%0ATerraform detected the following changes made outside of Terraform since the%0Alast "terraform apply":%0A%0A # module.factset_db.module.rds.module.db_instance.aws_db_instance.this[0] has been changed%0A ~ resource "aws_db_instance" "this" {%0A id = "upside-factset-db"%0A ~ latest_restorable_time = "2021-06-22T07:46:45Z" -> "2021-06-22T10:15:35Z"%0A name = "factset"%0A tags = {%0A "Environment" = "shared"%0A "Name" = "upside-factset-db"%0A "Organization" = "Upside Technology"%0A "Product" = "Upside App"%0A "Terraform" = "true"%0A }%0A # (55 unchanged attributes hidden)%0A%0A # (1 unchanged block hidden)%0A }%0A%0AUnless you have made equivalent changes to your configuration, or ignored the%0Arelevant attributes using ignore_changes, the following plan may include%0Aactions to undo or respond to these changes.%0A%0A─────────────────────────────────────────────────────────────────────────────%0A%0ANo changes. Your infrastructure matches the configuration.%0A%0AYour configuration already matches the changes detected above. If you'd like%0Ato update the Terraform state to match, create and apply a refresh-only plan:%0A terraform apply -refresh-only%0Amodule.runner_linux[0].random_pet.this: Refreshing state... [id=first-hog]%0Amodule.runner_linux[1].random_pet.this: Refreshing state... [id=measured-swine]%0Amodule.runner_linux[2].random_pet.this: Refreshing state... [id=uncommon-hippo]%0Amodule.instrument_data_download.github_repository.this: Refreshing state... [id=instrument-data-download]%0Amodule.tableau_reports.github_repository.this: Refreshing state... [id=tableau-reports]%0Agithub_membership.members["mista-ree"]: Refreshing state... [id=upside-tech:mista-ree]%0Agithub_membership.members["krasniqir"]: Refreshing state... [id=upside-tech:krasniqir]%0Amodule.sparta.github_repository.this: Refreshing state... [id=sparta]%0Amodule.upside_core.github_repository.this: Refreshing state... [id=upside-core]%0Amodule.tableau_client.github_repository.this: Refreshing state... [id=tableau-client]%0Agithub_membership.members["ccc509"]: Refreshing state... [id=upside-tech:ccc509]%0Agithub_membership.members["willhp-up"]: Refreshing state... [id=upside-tech:willhp-up]%0Agithub_membership.members["theanushka"]: Refreshing state... [id=upside-tech:theanushka]%0Agithub_membership.members["DevlinTQuinn"]: Refreshing state... [id=upside-tech:DevlinTQuinn]%0Agithub_membership.members["dragosdumitrache"]: Refreshing state... [id=upside-tech:dragosdumitrache]%0Agithub_membership.members["Jae-Upside"]: Refreshing state... [id=upside-tech:Jae-Upside]%0Agithub_membership.members["TheaUpside"]: Refreshing state... [id=upside-tech:TheaUpside]%0Agithub_membership.members["gershomcharig"]: Refreshing state... [id=upside-tech:gershomcharig]%0Agithub_membership.members["rchauhan9"]: Refreshing state... [id=upside-tech:rchauhan9]%0Agithub_membership.admins["upside-bot"]: Refreshing state... [id=upside-tech:upside-bot]%0Agithub_membership.admins["JaimeLennox"]: Refreshing state... [id=upside-tech:JaimeLennox]%0Amodule.pdf_report_parser.github_repository.this: Refreshing state... [id=pdf_report_parser]%0Agithub_membership.admins["mehul-shah-upside"]: Refreshing state... [id=upside-tech:mehul-shah-upside]%0Agithub_membership.admins["amirha97"]: Refreshing state... [id=upside-tech:amirha97]%0Agithub_membership.admins["axelnormand"]: Refreshing state... [id=upside-tech:axelnormand]%0Agithub_membership.admins["monkeini"]: Refreshing state... [id=upside-tech:monkeini]%0Amodule.upside_db.github_repository.this: Refreshing state... [id=upside-db]%0Amodule.copy_instrument_data_scheduled_task.github_repository.this: Refreshing state... [id=copy-instrument-data-scheduled-task]%0Amodule.factset_instrument_data_download.github_repository.this: Refreshing state... [id=factset-instrument-data-download]%0Amodule.upside_test_react.github_repository.this: Refreshing state... [id=upside-test-react]%0Amodule.monorepo.github_repository.this: Refreshing state... [id=monorepo]%0Amodule.upside_website.github_repository.this: Refreshing state... [id=upside-website]%0Amodule.sql_scripts_for_reporting.github_repository.this: Refreshing state... [id=sql_scripts_for_reporting]%0Amodule.runner_linux[2].module.security_group.aws_security_group.this_name_prefix[0]: Refreshing state... [id=sg-0d4442ed7ba5ee553]%0Amodule.runner_linux[0].module.security_group.aws_security_group.this_name_prefix[0]: Refreshing state... [id=sg-04d2c924f28cd0816]%0Amodule.ci_bot.module.user.aws_iam_user.this[0]: Refreshing state... [id=upside-ci-bot]%0Amodule.terraform_bot.module.user.aws_iam_user.this[0]: Refreshing state... [id=upside-terraform-bot]%0Amodule.runner_linux[1].module.key_pair.aws_key_pair.this[0]: Refreshing state... [id=github-runner-measured-swine-ssh-key]%0Amodule.runner_linux[0].module.key_pair.aws_key_pair.this[0]: Refreshing state... [id=github-runner-first-hog-ssh-key]%0Amodule.runner_linux[2].module.key_pair.aws_key_pair.this[0]: Refreshing state... [id=github-runner-uncommon-hippo-ssh-key]%0Amodule.runner_linux[1].module.security_group.aws_security_group.this_name_prefix[0]: Refreshing state... [id=sg-0e236fd4a6588b107]%0Amodule.instrument_data_download.github_branch_default.default_branch: Refreshing state... [id=instrument-data-download]%0Amodule.tableau_reports.github_branch_default.default_branch: Refreshing state... [id=tableau-reports]%0Amodule.sparta.github_branch_protection.default_branch[0]: Refreshing state... [id=MDIwOkJyYW5jaFByb3RlY3Rpb25SdWxlMTk4OTE4Nzg=]%0Amodule.sparta.github_branch_default.default_branch: Refreshing state... [id=sparta]%0Amodule.upside_core.github_branch_default.default_branch: Refreshing state... [id=upside-core]%0Amodule.tableau_client.github_branch_default.default_branch: Refreshing state... [id=tableau-client]%0Amodule.ci_bot.module.user.aws_iam_access_key.this_no_pgp[0]: Refreshing state... [id=AKIAS2RMOY7F6GJXSUOA]%0Amodule.terraform_bot.module.user.aws_iam_access_key.this_no_pgp[0]: Refreshing state... [id=***]%0Amodule.upside_test_react.github_branch_default.default_branch: Refreshing state... [id=upside-test-react]%0Amodule.ci_cache_s3_bucket.module.s3_bucket.aws_s3_bucket.this[0]: Refreshing state... [id=upside-ci-cache]%0Amodule.runner_linux[2].module.iam_role.aws_iam_role.this[0]: Refreshing state... [id=github-runner-uncommon-hippo-role]%0Amodule.runner_linux[0].module.iam_role.aws_iam_role.this[0]: Refreshing state... [id=github-runner-first-hog-role]%0Amodule.runner_linux[1].module.iam_role.aws_iam_role.this[0]: Refreshing state... [id=github-runner-measured-swine-role]%0Amodule.pdf_report_parser.github_branch_default.default_branch: Refreshing state... [id=pdf_report_parser]%0Amodule.upside_db.github_branch_default.default_branch: Refreshing state... [id=upside-db]%0Amodule.copy_instrument_data_scheduled_task.github_branch_default.default_branch: Refreshing state... [id=copy-instrument-data-scheduled-task]%0Amodule.factset_instrument_data_download.github_branch_default.default_branch: Refreshing state... [id=factset-instrument-data-download]%0Amodule.ci_bot.aws_iam_user_policy.this[0]: Refreshing state... [id=upside-ci-bot:upside-ci-bot]%0Amodule.terraform_bot.aws_iam_user_policy_attachment.this["arn:aws:iam::aws:policy/AdministratorAccess"]: Refreshing state... [id=upside-terraform-bot-20210527112249870300000001]%0Amodule.runner_linux[2].module.security_group.aws_security_group_rule.ingress_with_source_security_group_id[0]: Refreshing state... [id=sgrule-1649888069]%0Amodule.runner_linux[0].module.security_group.aws_security_group_rule.egress_rules[0]: Refreshing state... [id=sgrule-3816955031]%0Amodule.runner_linux[1].module.security_group.aws_security_group_rule.egress_rules[0]: Refreshing state... [id=sgrule-1892225026]%0Amodule.runner_linux[2].module.security_group.aws_security_group_rule.egress_rules[0]: Refreshing state... [id=sgrule-2099661380]%0Amodule.runner_linux[0].module.security_group.aws_security_group_rule.ingress_with_source_security_group_id[0]: Refreshing state... [id=sgrule-985587944]%0Amodule.runner_linux[1].module.security_group.aws_security_group_rule.ingress_with_source_security_group_id[0]: Refreshing state... [id=sgrule-1747770974]%0Amodule.product_team.github_team.this: Refreshing state... [id=4169410]%0Amodule.leadership_team.github_team.this: Refreshing state... [id=4106587]%0Amodule.monorepo.github_branch_protection.default_branch[0]: Refreshing state... [id=MDIwOkJyYW5jaFByb3RlY3Rpb25SdWxlMTc3MDI1MzM=]%0Amodule.monorepo.github_branch_default.default_branch: Refreshing state... [id=monorepo]%0Amodule.engineering_team.github_team.this: Refreshing state... [id=4106586]%0Amodule.runner_linux[2].module.iam_role.aws_iam_instance_profile.this[0]: Refreshing state... [id=github-runner-uncommon-hippo-role]%0Amodule.runner_linux[0].module.iam_role.aws_iam_instance_profile.this[0]: Refreshing state... [id=github-runner-first-hog-role]%0Amodule.runner_linux[1].module.iam_role.aws_iam_instance_profile.this[0]: Refreshing state... [id=github-runner-measured-swine-role]%0Amodule.upside_website.github_branch_default.default_branch: Refreshing state... [id=upside-website]%0Amodule.sql_scripts_for_reporting.github_branch_default.default_branch: Refreshing state... [id=sql_scripts_for_reporting]%0Amodule.runner_linux[2].module.secret_manager_policy.aws_iam_policy.policy: Refreshing state... [id=arn:aws:iam::***:policy/github-runner-uncommon-hippo-policy]%0Amodule.runner_linux[0].module.secret_manager_policy.aws_iam_policy.policy: Refreshing state... [id=arn:aws:iam::***:policy/github-runner-first-hog-policy]%0Amodule.runner_linux[1].module.secret_manager_policy.aws_iam_policy.policy: Refreshing state... [id=arn:aws:iam::***:policy/github-runner-measured-swine-policy]%0Agithub_actions_secret.aws_access_key["monorepo"]: Refreshing state... [id=monorepo:AWS_ACCESS_KEY_ID]%0Agithub_actions_secret.aws_access_key["sparta"]: Refreshing state... [id=sparta:AWS_ACCESS_KEY_ID]%0Agithub_actions_secret.tf_aws_secret_key["monorepo"]: Refreshing state... [id=monorepo:TF_AWS_SECRET_ACCESS_KEY]%0Agithub_actions_secret.aws_secret_key["monorepo"]: Refreshing state... [id=monorepo:AWS_SECRET_ACCESS_KEY]%0Agithub_actions_secret.aws_secret_key["sparta"]: Refreshing state... [id=sparta:AWS_SECRET_ACCESS_KEY]%0Agithub_actions_secret.tf_aws_access_key["monorepo"]: Refreshing state... [id=monorepo:TF_AWS_ACCESS_KEY_ID]%0Amodule.ci_cache_s3_bucket.module.s3_bucket.aws_s3_bucket_public_access_block.this[0]: Refreshing state... [id=upside-ci-cache]%0Amodule.leadership_team.github_team_membership.this["monkeini"]: Refreshing state... [id=4106587:monkeini]%0Amodule.leadership_team.github_team_membership.this["theanushka"]: Refreshing state... [id=4106587:theanushka]%0Amodule.leadership_team.github_team_membership.this["axelnormand"]: Refreshing state... [id=4106587:axelnormand]%0Amodule.leadership_team.github_team_membership.this["mehul-shah-upside"]: Refreshing state... [id=4106587:mehul-shah-upside]%0Amodule.product_team.github_team_membership.this["Jae-Upside"]: Refreshing state... [id=4169410:Jae-Upside]%0Amodule.product_team.github_team_membership.this["TheaUpside"]: Refreshing state... [id=4169410:TheaUpside]%0Amodule.product_team.github_team_membership.this["gershomcharig"]: Refreshing state... [id=4169410:gershomcharig]%0Amodule.product_team.github_team_membership.this["mehul-shah-upside"]: Refreshing state... [id=4169410:mehul-shah-upside]%0Amodule.product_team.github_team_membership.this["theanushka"]: Refreshing state... [id=4169410:theanushka]%0Amodule.product_team.github_team_membership.this["DevlinTQuinn"]: Refreshing state... [id=4169410:DevlinTQuinn]%0Amodule.product_team.github_team_membership.this["willhp-up"]: Refreshing state... [id=4169410:willhp-up]%0Amodule.engineering_team.github_team_membership.this["monkeini"]: Refreshing state... [id=4106586:monkeini]%0Amodule.engineering_team.github_team_membership.this["mista-ree"]: Refreshing state... [id=4106586:mista-ree]%0Amodule.engineering_team.github_team_membership.this["amirha97"]: Refreshing state... [id=4106586:amirha97]%0Amodule.engineering_team.github_team_membership.this["krasniqir"]: Refreshing state... [id=4106586:krasniqir]%0Amodule.engineering_team.github_team_membership.this["rchauhan9"]: Refreshing state... [id=4106586:rchauhan9]%0Amodule.engineering_team.github_team_membership.this["dragosdumitrache"]: Refreshing state... [id=4106586:dragosdumitrache]%0Amodule.engineering_team.github_team_membership.this["gershomcharig"]: Refreshing state... [id=4106586:gershomcharig]%0Amodule.engineering_team.github_team_membership.this["JaimeLennox"]: Refreshing state... [id=4106586:JaimeLennox]%0Amodule.engineering_team.github_team_membership.this["ccc509"]: Refreshing state... [id=4106586:ccc509]%0Amodule.engineering_team.github_team_membership.this["axelnormand"]: Refreshing state... [id=4106586:axelnormand]%0Amodule.runner_linux[0].module.ec2.aws_instance.this[0]: Refreshing state... [id=i-057d05a17c522e254]%0Amodule.runner_linux[1].module.ec2.aws_instance.this[0]: Refreshing state... [id=i-07ea9867afa809efa]%0Amodule.runner_linux[2].module.ec2.aws_instance.this[0]: Refreshing state... [id=i-0db42f498e2a05382]%0Amodule.runner_linux[2].module.iam_role.aws_iam_role_policy_attachment.custom[0]: Refreshing state... [id=github-runner-uncommon-hippo-role-20210504094039839000000008]%0Amodule.runner_linux[2].module.iam_role.aws_iam_role_policy_attachment.custom[1]: Refreshing state... [id=github-runner-uncommon-hippo-role-20210504094039895800000009]%0Amodule.runner_linux[1].module.iam_role.aws_iam_role_policy_attachment.custom[0]: Refreshing state... [id=github-runner-measured-swine-role-20210504094039494900000006]%0Amodule.runner_linux[1].module.iam_role.aws_iam_role_policy_attachment.custom[1]: Refreshing state... [id=github-runner-measured-swine-role-20210504094039513700000007]%0Amodule.runner_linux[0].module.iam_role.aws_iam_role_policy_attachment.custom[1]: Refreshing state... [id=github-runner-first-hog-role-20210504094039355400000004]%0Amodule.runner_linux[0].module.iam_role.aws_iam_role_policy_attachment.custom[0]: Refreshing state... [id=github-runner-first-hog-role-20210504094039484100000005]%0Amodule.backend_team.github_team.this: Refreshing state... [id=4106590]%0Amodule.devops_team.github_team.this: Refreshing state... [id=4106589]%0Amodule.frontend_team.github_team.this: Refreshing state... [id=4106591]%0Amodule.backend_team.github_team_membership.this["dragosdumitrache"]: Refreshing state... [id=4106590:dragosdumitrache]%0Amodule.backend_team.github_team_membership.this["mista-ree"]: Refreshing state... [id=4106590:mista-ree]%0Amodule.backend_team.github_team_membership.this["amirha97"]: Refreshing state... [id=4106590:amirha97]%0Amodule.backend_team.github_team_membership.this["rchauhan9"]: Refreshing state... [id=4106590:rchauhan9]%0Amodule.backend_team.github_team_membership.this["monkeini"]: Refreshing state... [id=4106590:monkeini]%0Amodule.backend_team.github_team_membership.this["JaimeLennox"]: Refreshing state... [id=4106590:JaimeLennox]%0Amodule.devops_team.github_team_membership.this["amirha97"]: Refreshing state... [id=4106589:amirha97]%0Amodule.devops_team.github_team_membership.this["JaimeLennox"]: Refreshing state... [id=4106589:JaimeLennox]%0Amodule.devops_team.github_team_membership.this["mista-ree"]: Refreshing state... [id=4106589:mista-ree]%0Amodule.devops_team.github_team_membership.this["dragosdumitrache"]: Refreshing state... [id=4106589:dragosdumitrache]%0Amodule.devops_team.github_team_membership.this["rchauhan9"]: Refreshing state... [id=4106589:rchauhan9]%0Amodule.frontend_team.github_team_membership.this["axelnormand"]: Refreshing state... [id=4106591:axelnormand]%0Amodule.frontend_team.github_team_membership.this["ccc509"]: Refreshing state... [id=4106591:ccc509]%0Amodule.frontend_team.github_team_membership.this["gershomcharig"]: Refreshing state... [id=4106591:gershomcharig]%0Amodule.frontend_team.github_team_membership.this["krasniqir"]: Refreshing state... [id=4106591:krasniqir]%0A%0ANote: Objects have changed outside of Terraform%0A%0ATerraform detected the following changes made outside of Terraform since the%0Alast "terraform apply":%0A%0A # module.pdf_report_parser.github_repository.this has been changed%0A ~ resource "github_repository" "this" {%0A ~ etag = "W/\"146083fc5d0580df3f8b09c660cbd453a03be6d138a4bd0e1edb07ebb49b8fd5\"" -> "W/\"701b51e3832fc1bf86f6dd088a6e6266a5c58c439c1ddf34bfa3f89e3e18cd9b\""%0A id = "pdf_report_parser"%0A name = "pdf_report_parser"%0A # (26 unchanged attributes hidden)%0A }%0A # module.upside_website.github_repository.this has been changed%0A ~ resource "github_repository" "this" {%0A ~ etag = "W/\"12bda243b5a8e330704d72e683c3df46ea354c502e88e149f5f5d7371f02421c\"" -> "W/\"051d0d9042f3f25a80b025c682276b671bf222ed96501baaf9e607d4898e742e\""%0A id = "upside-website"%0A name = "upside-website"%0A # (26 unchanged attributes hidden)%0A }%0A # module.sql_scripts_for_reporting.github_repository.this has been changed%0A ~ resource "github_repository" "this" {%0A ~ etag = "W/\"2db05aa26aff85c1306edf5b5a3a9ad294d3642e83607c4231bd08087a31285b\"" -> "W/\"711d65c686f416b9c18085529bef7b4b400ab9fac31d9751ac3302c4fcd7eb39\""%0A id = "sql_scripts_for_reporting"%0A name = "sql_scripts_for_reporting"%0A # (26 unchanged attributes hidden)%0A }%0A # module.upside_core.github_repository.this has been changed%0A ~ resource "github_repository" "this" {%0A ~ etag = "W/\"305b2b6c89fb35ac9f370ff9ef2ef5a30bdb6b9ac3dc82d396c1e2a2483bdc5d\"" -> "W/\"a21ab9ddabc39153aa18468d1aa1732a84623d3a042290239ddc92d894b863b0\""%0A id = "upside-core"%0A name = "upside-core"%0A # (26 unchanged attributes hidden)%0A }%0A # module.copy_instrument_data_scheduled_task.github_repository.this has been changed%0A ~ resource "github_repository" "this" {%0A ~ etag = "W/\"c2976b704c1fc980de3a7689afade91f466f9f32e3675c60bc0e982c9401d394\"" -> "W/\"91b9c8b3c8b3b68b02e1b397f6ce1cab05e41bd4a25363b2757e5d7950ebecf5\""%0A id = "copy-instrument-data-scheduled-task"%0A name = "copy-instrument-data-scheduled-task"%0A # (26 unchanged attributes hidden)%0A }%0A # module.monorepo.github_repository.this has been changed%0A ~ resource "github_repository" "this" {%0A ~ etag = "W/\"54c001f865dcfa03b1c78fc184ff27638a97df0f6309cda29fbb8a28c97d52c8\"" -> "W/\"f58185c8e0383ac9dc4fea6289f9d524ecd601dc3116feae60e8dad583f3bdc1\""%0A id = "monorepo"%0A name = "monorepo"%0A # (26 unchanged attributes hidden)%0A }%0A # module.factset_instrument_data_download.github_repository.this has been changed%0A ~ resource "github_repository" "this" {%0A ~ etag = "W/\"94b67b3b95b38cafe22136e7f6a6d5a9e6cb6677c353ac1cb098f93f192407c7\"" -> "W/\"611d05088ddcc25fb115a27231d324b907c049cc73e470ac5eb8453f8a9a71bf\""%0A id = "factset-instrument-data-download"%0A name = "factset-instrument-data-download"%0A # (26 unchanged attributes hidden)%0A }%0A # module.tableau_reports.github_repository.this has been changed%0A ~ resource "github_repository" "this" {%0A ~ etag = "W/\"cc26f3cd9d5bc9d59167ef382c15eb06f564f7e08385e8e009014283a652fe0e\"" -> "W/\"d4b9ed825cd83941ed11036cb26a3b31bc487123d7319d69107398900e3cd7a0\""%0A id = "tableau-reports"%0A name = "tableau-reports"%0A # (26 unchanged attributes hidden)%0A }%0A # module.sparta.github_repository.this has been changed%0A ~ resource "github_repository" "this" {%0A ~ etag = "W/\"1507aa95c97d5886a7064a6559ed6227db9ca799ab307a98c8de37aae788969d\"" -> "W/\"f4433a1b657d8760ce58ee124e6949f52f3124c6044195fff6e1e83c0cbf583a\""%0A id = "sparta"%0A name = "sparta"%0A # (26 unchanged attributes hidden)%0A }%0A # module.tableau_client.github_repository.this has been changed%0A ~ resource "github_repository" "this" {%0A ~ etag = "W/\"67441c4be0706bcfb5f15886f45e6d5b96b1413c6d9d862519bde8b93ae3c682\"" -> "W/\"53eb85525595ae75e6cb29c4c18efb348abbec9dfad3d16fdea19ce262eb3aae\""%0A id = "tableau-client"%0A name = "tableau-client"%0A # (26 unchanged attributes hidden)%0A }%0A # module.instrument_data_download.github_repository.this has been changed%0A ~ resource "github_repository" "this" {%0A ~ etag = "W/\"7d5f9bea62c941184b399bc915f3ed657da56c4a2d0161d2cf51f8cec3045517\"" -> "W/\"fefe7336dd68879430e24ea53ac4a708305bd16b0a48e93ebd23ead827975190\""%0A id = "instrument-data-download"%0A name = "instrument-data-download"%0A # (26 unchanged attributes hidden)%0A }%0A # module.upside_db.github_repository.this has been changed%0A ~ resource "github_repository" "this" {%0A ~ etag = "W/\"f1caef254e6d9613785fed83c817622d7dfc2dec4ba8ebc3ec36498de94d0b2e\"" -> "W/\"6eaf784ddba39897824f8c31a63a411209642c0932ca58b24bff902eb26a1dbf\""%0A id = "upside-db"%0A name = "upside-db"%0A # (26 unchanged attributes hidden)%0A }%0A%0AUnless you have made equivalent changes to your configuration, or ignored the%0Arelevant attributes using ignore_changes, the following plan may include%0Aactions to undo or respond to these changes.%0A%0A─────────────────────────────────────────────────────────────────────────────%0A%0ATerraform used the selected providers to generate the following execution%0Aplan. Resource actions are indicated with the following symbols:%0A + create%0A%0ATerraform will perform the following actions:%0A%0A # module.job_runner_linux[0].random_pet.this will be created%0A + resource "random_pet" "this" {%0A + id = (known after apply)%0A + keepers = {%0A + "user_data" = "IyEvYmluL2Jhc2ggLXhlCgojIFNldCB1cCBQQVRIIGFuZCBsb2cgb3V0cHV0IGZyb20gdGhpcyBzY3JpcHQKZXhwb3J0IFBBVEg9L3Vzci9sb2NhbC9zYmluOi91c3IvbG9jYWwvYmluOi9zYmluOi9iaW46L3Vzci9zYmluOi91c3IvYmluOi9vcHQvYXdzL2Jpbjovcm9vdC9iaW4KZXhlYyA+ID4odGVlIC92YXIvbG9nL3VzZXItZGF0YS5sb2cgfCBsb2dnZXIgLXQgdXNlci1kYXRhIC1zIDI+L2Rldi9jb25zb2xlKSAyPiYxCgojIFN0YXJ0IERvY2tlciBlbmdpbmUKc3lzdGVtY3RsIHN0YXJ0IC0tbm8tYmxvY2sgZG9ja2VyCgojIEluc3RhbGwgYWxsIHJlcXVpcmVkIHNvZnR3YXJlCmV4cG9ydCBERUJJQU5fRlJPTlRFTkQ9bm9uaW50ZXJhY3RpdmUKYXB0IHJlbW92ZSBjbWR0ZXN0CmFwdCB1cGRhdGUgJiYgYXB0IGluc3RhbGwgLXkgXAogIGdpdCBqcSByc3luYyBtYWtlIHppcCB1bnppcCB3Z2V0IGJ1aWxkLWVzc2VudGlhbCBcCiAgcHl0aG9uMy45IGRlZmF1bHQtamRrIG5vZGVqcyBucG0gXAogIGxpYmd0azIuMC0wIGxpYmd0ay0zLTAgbGliZ2JtLWRldiBsaWJub3RpZnktZGV2IGxpYmdjb25mLTItNCBsaWJuc3MzIGxpYnhzczEgbGliYXNvdW5kMiBsaWJ4dHN0NiB4YXV0aCB4dmZiCm5wbSBpbnN0YWxsIC1nIHlhcm4gQGJhemVsL2JhemVsaXNrCmxuIC1zIC91c3IvYmluL3B5dGhvbjMgL3Vzci9iaW4vcHl0aG9uCgojIFJldHJpZXZlIGEgR2l0SHViIHRva2VuIGZyb20gU2VjcmV0cyBNYW5hZ2VyIHRoYXQgY2FuIGJlIHVzZWQgdG8gcmV0cmlldmUgYSByZWdpc3RyYXRpb24gdG9rZW4KZ2l0aHViX3Rva2VuPSQoYXdzIHNlY3JldHNtYW5hZ2VyIGdldC1zZWNyZXQtdmFsdWUgLS1zZWNyZXQtaWQgc2VjcmV0L2dpdGh1Yi90b2tlbnMgfCBqcSAtciAuU2VjcmV0U3RyaW5nIHwganEgLXIgLnJlZ2lzdHJhdGlvbl90b2tlbikKCiMgUmV0cmlldmUgdGhlIHJlZ2lzdHJhdGlvbiB0b2tlbgpyZWdpc3RyYXRpb25fdG9rZW49JChjdXJsIC1zIC1YIFBPU1QgLUggIkF1dGhvcml6YXRpb246IFRva2VuICRnaXRodWJfdG9rZW4iIGh0dHBzOi8vYXBpLmdpdGh1Yi5jb20vb3Jncy91cHNpZGUtdGVjaC9hY3Rpb25zL3J1bm5lcnMvcmVnaXN0cmF0aW9uLXRva2VuIHwganEgLXIgLnRva2VuKQoKIyBDb25maWd1cmUgdGhlIHJ1bm5lcgpleHBvcnQgUlVOTkVSX0FMTE9XX1JVTkFTUk9PVD0xCmNkIC9ob21lL3VidW50dS9hY3Rpb25zLXJ1bm5lcgoKLi9jb25maWcuc2ggLS11bmF0dGVuZGVkIC0tdXJsIGh0dHBzOi8vZ2l0aHViLmNvbS91cHNpZGUtdGVjaCAtLXRva2VuICRyZWdpc3RyYXRpb25fdG9rZW4gLS1sYWJlbHMgam9icyxVYnVudHUtMjAuMDQgLS13b3JrICJfd29yayIKCmNob3duIC1SIHVidW50dTp1YnVudHUgLgoKIyBTdGFydCB0aGUgYXBwbGljYXRpb24gYXMgYSBzZXJ2aWNlCi4vc3ZjLnNoIGluc3RhbGwgcm9vdAouL3N2Yy5zaCBzdGFydAouL3N2Yy5zaCBzdGF0dXMKCiMgSW5zdGFsbCBEYXRhZG9nIGFnZW50CmN1cmwgaHR0cHM6Ly9zMy5hbWF6b25hd3MuY29tL2RkLWFnZW50L3NjcmlwdHMvaW5zdGFsbF9zY3JpcHQuc2ggLW8gZGRpbnN0YWxsLnNoCmV4cG9ydCBERF9BUElfS0VZPWI5MWY2MmFmYmEwYmZiY2Q3ODAyYTQ3YjY1MjAyNGQyCmV4cG9ydCBERF9TSVRFPWRhdGFkb2docS5ldQpleHBvcnQgRERfQUdFTlRfTUFKT1JfVkVSU0lPTj03CmJhc2ggLi9kZGluc3RhbGwuc2gKCiMgRW5hYmxlIHByb2Nlc3MgY29sbGVjdGlvbgp0ZWUgLWEgL2V0Yy9kYXRhZG9nLWFnZW50L2RhdGFkb2cueWFtbCA8PCBFT0YKcHJvY2Vzc19jb25maWc6CiAgZW5hYmxlZDogdHJ1ZQpFT0YKc3lzdGVtY3RsIHJlc3RhcnQgZGF0YWRvZy1hZ2VudAo="%0A }%0A + length = 2%0A + separator = "-"%0A }%0A%0A # module.job_runner_linux[1].random_pet.this will be created%0A + resource "random_pet" "this" {%0A + id = (known after apply)%0A + keepers = {%0A + "user_data" = "IyEvYmluL2Jhc2ggLXhlCgojIFNldCB1cCBQQVRIIGFuZCBsb2cgb3V0cHV0IGZyb20gdGhpcyBzY3JpcHQKZXhwb3J0IFBBVEg9L3Vzci9sb2NhbC9zYmluOi91c3IvbG9jYWwvYmluOi9zYmluOi9iaW46L3Vzci9zYmluOi91c3IvYmluOi9vcHQvYXdzL2Jpbjovcm9vdC9iaW4KZXhlYyA+ID4odGVlIC92YXIvbG9nL3VzZXItZGF0YS5sb2cgfCBsb2dnZXIgLXQgdXNlci1kYXRhIC1zIDI+L2Rldi9jb25zb2xlKSAyPiYxCgojIFN0YXJ0IERvY2tlciBlbmdpbmUKc3lzdGVtY3RsIHN0YXJ0IC0tbm8tYmxvY2sgZG9ja2VyCgojIEluc3RhbGwgYWxsIHJlcXVpcmVkIHNvZnR3YXJlCmV4cG9ydCBERUJJQU5fRlJPTlRFTkQ9bm9uaW50ZXJhY3RpdmUKYXB0IHJlbW92ZSBjbWR0ZXN0CmFwdCB1cGRhdGUgJiYgYXB0IGluc3RhbGwgLXkgXAogIGdpdCBqcSByc3luYyBtYWtlIHppcCB1bnppcCB3Z2V0IGJ1aWxkLWVzc2VudGlhbCBcCiAgcHl0aG9uMy45IGRlZmF1bHQtamRrIG5vZGVqcyBucG0gXAogIGxpYmd0azIuMC0wIGxpYmd0ay0zLTAgbGliZ2JtLWRldiBsaWJub3RpZnktZGV2IGxpYmdjb25mLTItNCBsaWJuc3MzIGxpYnhzczEgbGliYXNvdW5kMiBsaWJ4dHN0NiB4YXV0aCB4dmZiCm5wbSBpbnN0YWxsIC1nIHlhcm4gQGJhemVsL2JhemVsaXNrCmxuIC1zIC91c3IvYmluL3B5dGhvbjMgL3Vzci9iaW4vcHl0aG9uCgojIFJldHJpZXZlIGEgR2l0SHViIHRva2VuIGZyb20gU2VjcmV0cyBNYW5hZ2VyIHRoYXQgY2FuIGJlIHVzZWQgdG8gcmV0cmlldmUgYSByZWdpc3RyYXRpb24gdG9rZW4KZ2l0aHViX3Rva2VuPSQoYXdzIHNlY3JldHNtYW5hZ2VyIGdldC1zZWNyZXQtdmFsdWUgLS1zZWNyZXQtaWQgc2VjcmV0L2dpdGh1Yi90b2tlbnMgfCBqcSAtciAuU2VjcmV0U3RyaW5nIHwganEgLXIgLnJlZ2lzdHJhdGlvbl90b2tlbikKCiMgUmV0cmlldmUgdGhlIHJlZ2lzdHJhdGlvbiB0b2tlbgpyZWdpc3RyYXRpb25fdG9rZW49JChjdXJsIC1zIC1YIFBPU1QgLUggIkF1dGhvcml6YXRpb246IFRva2VuICRnaXRodWJfdG9rZW4iIGh0dHBzOi8vYXBpLmdpdGh1Yi5jb20vb3Jncy91cHNpZGUtdGVjaC9hY3Rpb25zL3J1bm5lcnMvcmVnaXN0cmF0aW9uLXRva2VuIHwganEgLXIgLnRva2VuKQoKIyBDb25maWd1cmUgdGhlIHJ1bm5lcgpleHBvcnQgUlVOTkVSX0FMTE9XX1JVTkFTUk9PVD0xCmNkIC9ob21lL3VidW50dS9hY3Rpb25zLXJ1bm5lcgoKLi9jb25maWcuc2ggLS11bmF0dGVuZGVkIC0tdXJsIGh0dHBzOi8vZ2l0aHViLmNvbS91cHNpZGUtdGVjaCAtLXRva2VuICRyZWdpc3RyYXRpb25fdG9rZW4gLS1sYWJlbHMgam9icyxVYnVudHUtMjAuMDQgLS13b3JrICJfd29yayIKCmNob3duIC1SIHVidW50dTp1YnVudHUgLgoKIyBTdGFydCB0aGUgYXBwbGljYXRpb24gYXMgYSBzZXJ2aWNlCi4vc3ZjLnNoIGluc3RhbGwgcm9vdAouL3N2Yy5zaCBzdGFydAouL3N2Yy5zaCBzdGF0dXMKCiMgSW5zdGFsbCBEYXRhZG9nIGFnZW50CmN1cmwgaHR0cHM6Ly9zMy5hbWF6b25hd3MuY29tL2RkLWFnZW50L3NjcmlwdHMvaW5zdGFsbF9zY3JpcHQuc2ggLW8gZGRpbnN0YWxsLnNoCmV4cG9ydCBERF9BUElfS0VZPWI5MWY2MmFmYmEwYmZiY2Q3ODAyYTQ3YjY1MjAyNGQyCmV4cG9ydCBERF9TSVRFPWRhdGFkb2docS5ldQpleHBvcnQgRERfQUdFTlRfTUFKT1JfVkVSU0lPTj03CmJhc2ggLi9kZGluc3RhbGwuc2gKCiMgRW5hYmxlIHByb2Nlc3MgY29sbGVjdGlvbgp0ZWUgLWEgL2V0Yy9kYXRhZG9nLWFnZW50L2RhdGFkb2cueWFtbCA8PCBFT0YKcHJvY2Vzc19jb25maWc6CiAgZW5hYmxlZDogdHJ1ZQpFT0YKc3lzdGVtY3RsIHJlc3RhcnQgZGF0YWRvZy1hZ2VudAo="%0A }%0A + length = 2%0A + separator = "-"%0A }%0A%0A # module.job_runner_linux[2].random_pet.this will be created%0A + resource "random_pet" "this" {%0A + id = (known after apply)%0A + keepers = {%0A + "user_data" = "IyEvYmluL2Jhc2ggLXhlCgojIFNldCB1cCBQQVRIIGFuZCBsb2cgb3V0cHV0IGZyb20gdGhpcyBzY3JpcHQKZXhwb3J0IFBBVEg9L3Vzci9sb2NhbC9zYmluOi91c3IvbG9jYWwvYmluOi9zYmluOi9iaW46L3Vzci9zYmluOi91c3IvYmluOi9vcHQvYXdzL2Jpbjovcm9vdC9iaW4KZXhlYyA+ID4odGVlIC92YXIvbG9nL3VzZXItZGF0YS5sb2cgfCBsb2dnZXIgLXQgdXNlci1kYXRhIC1zIDI+L2Rldi9jb25zb2xlKSAyPiYxCgojIFN0YXJ0IERvY2tlciBlbmdpbmUKc3lzdGVtY3RsIHN0YXJ0IC0tbm8tYmxvY2sgZG9ja2VyCgojIEluc3RhbGwgYWxsIHJlcXVpcmVkIHNvZnR3YXJlCmV4cG9ydCBERUJJQU5fRlJPTlRFTkQ9bm9uaW50ZXJhY3RpdmUKYXB0IHJlbW92ZSBjbWR0ZXN0CmFwdCB1cGRhdGUgJiYgYXB0IGluc3RhbGwgLXkgXAogIGdpdCBqcSByc3luYyBtYWtlIHppcCB1bnppcCB3Z2V0IGJ1aWxkLWVzc2VudGlhbCBcCiAgcHl0aG9uMy45IGRlZmF1bHQtamRrIG5vZGVqcyBucG0gXAogIGxpYmd0azIuMC0wIGxpYmd0ay0zLTAgbGliZ2JtLWRldiBsaWJub3RpZnktZGV2IGxpYmdjb25mLTItNCBsaWJuc3MzIGxpYnhzczEgbGliYXNvdW5kMiBsaWJ4dHN0NiB4YXV0aCB4dmZiCm5wbSBpbnN0YWxsIC1nIHlhcm4gQGJhemVsL2JhemVsaXNrCmxuIC1zIC91c3IvYmluL3B5dGhvbjMgL3Vzci9iaW4vcHl0aG9uCgojIFJldHJpZXZlIGEgR2l0SHViIHRva2VuIGZyb20gU2VjcmV0cyBNYW5hZ2VyIHRoYXQgY2FuIGJlIHVzZWQgdG8gcmV0cmlldmUgYSByZWdpc3RyYXRpb24gdG9rZW4KZ2l0aHViX3Rva2VuPSQoYXdzIHNlY3JldHNtYW5hZ2VyIGdldC1zZWNyZXQtdmFsdWUgLS1zZWNyZXQtaWQgc2VjcmV0L2dpdGh1Yi90b2tlbnMgfCBqcSAtciAuU2VjcmV0U3RyaW5nIHwganEgLXIgLnJlZ2lzdHJhdGlvbl90b2tlbikKCiMgUmV0cmlldmUgdGhlIHJlZ2lzdHJhdGlvbiB0b2tlbgpyZWdpc3RyYXRpb25fdG9rZW49JChjdXJsIC1zIC1YIFBPU1QgLUggIkF1dGhvcml6YXRpb246IFRva2VuICRnaXRodWJfdG9rZW4iIGh0dHBzOi8vYXBpLmdpdGh1Yi5jb20vb3Jncy91cHNpZGUtdGVjaC9hY3Rpb25zL3J1bm5lcnMvcmVnaXN0cmF0aW9uLXRva2VuIHwganEgLXIgLnRva2VuKQoKIyBDb25maWd1cmUgdGhlIHJ1bm5lcgpleHBvcnQgUlVOTkVSX0FMTE9XX1JVTkFTUk9PVD0xCmNkIC9ob21lL3VidW50dS9hY3Rpb25zLXJ1bm5lcgoKLi9jb25maWcuc2ggLS11bmF0dGVuZGVkIC0tdXJsIGh0dHBzOi8vZ2l0aHViLmNvbS91cHNpZGUtdGVjaCAtLXRva2VuICRyZWdpc3RyYXRpb25fdG9rZW4gLS1sYWJlbHMgam9icyxVYnVudHUtMjAuMDQgLS13b3JrICJfd29yayIKCmNob3duIC1SIHVidW50dTp1YnVudHUgLgoKIyBTdGFydCB0aGUgYXBwbGljYXRpb24gYXMgYSBzZXJ2aWNlCi4vc3ZjLnNoIGluc3RhbGwgcm9vdAouL3N2Yy5zaCBzdGFydAouL3N2Yy5zaCBzdGF0dXMKCiMgSW5zdGFsbCBEYXRhZG9nIGFnZW50CmN1cmwgaHR0cHM6Ly9zMy5hbWF6b25hd3MuY29tL2RkLWFnZW50L3NjcmlwdHMvaW5zdGFsbF9zY3JpcHQuc2ggLW8gZGRpbnN0YWxsLnNoCmV4cG9ydCBERF9BUElfS0VZPWI5MWY2MmFmYmEwYmZiY2Q3ODAyYTQ3YjY1MjAyNGQyCmV4cG9ydCBERF9TSVRFPWRhdGFkb2docS5ldQpleHBvcnQgRERfQUdFTlRfTUFKT1JfVkVSU0lPTj03CmJhc2ggLi9kZGluc3RhbGwuc2gKCiMgRW5hYmxlIHByb2Nlc3MgY29sbGVjdGlvbgp0ZWUgLWEgL2V0Yy9kYXRhZG9nLWFnZW50L2RhdGFkb2cueWFtbCA8PCBFT0YKcHJvY2Vzc19jb25maWc6CiAgZW5hYmxlZDogdHJ1ZQpFT0YKc3lzdGVtY3RsIHJlc3RhcnQgZGF0YWRvZy1hZ2VudAo="%0A }%0A + length = 2%0A + separator = "-"%0A }%0A%0A # module.job_runner_linux[0].module.ec2.aws_instance.this[0] will be created%0A + resource "aws_instance" "this" {%0A + ami = "ami-0986610f98eddde0a"%0A + arn = (known after apply)%0A + associate_public_ip_address = (known after apply)%0A + availability_zone = (known after apply)%0A + cpu_core_count = (known after apply)%0A + cpu_threads_per_core = (known after apply)%0A + disable_api_termination = false%0A + ebs_optimized = false%0A + get_password_data = false%0A + host_id = (known after apply)%0A + iam_instance_profile = (known after apply)%0A + id = (known after apply)%0A + instance_initiated_shutdown_behavior = (known after apply)%0A + instance_state = (known after apply)%0A + instance_type = "t3.small"%0A + ipv6_address_count = (known after apply)%0A + ipv6_addresses = (known after apply)%0A + key_name = (known after apply)%0A + monitoring = true%0A + outpost_arn = (known after apply)%0A + password_data = (known after apply)%0A + placement_group = (known after apply)%0A + primary_network_interface_id = (known after apply)%0A + private_dns = (known after apply)%0A + private_ip = (known after apply)%0A + public_dns = (known after apply)%0A + public_ip = (known after apply)%0A + secondary_private_ips = (known after apply)%0A + security_groups = (known after apply)%0A + source_dest_check = true%0A + subnet_id = "subnet-03f35ea43bed97e8e"%0A + tags = (known after apply)%0A + tags_all = (known after apply)%0A + tenancy = "default"%0A + user_data = "02122301b7e70031ca4fe7c62066b73e43fa54c3"%0A + volume_tags = (known after apply)%0A + vpc_security_group_ids = (known after apply)%0A%0A + capacity_reservation_specification {%0A + capacity_reservation_preference = (known after apply)%0A%0A + capacity_reservation_target {%0A + capacity_reservation_id = (known after apply)%0A }%0A }%0A%0A + credit_specification {%0A + cpu_credits = "standard"%0A }%0A%0A + ebs_block_device {%0A + delete_on_termination = (known after apply)%0A + device_name = (known after apply)%0A + encrypted = (known after apply)%0A + iops = (known after apply)%0A + kms_key_id = (known after apply)%0A + snapshot_id = (known after apply)%0A + tags = (known after apply)%0A + throughput = (known after apply)%0A + volume_id = (known after apply)%0A + volume_size = (known after apply)%0A + volume_type = (known after apply)%0A }%0A%0A + enclave_options {%0A + enabled = (known after apply)%0A }%0A%0A + ephemeral_block_device {%0A + device_name = (known after apply)%0A + no_device = (known after apply)%0A + virtual_name = (known after apply)%0A }%0A%0A + metadata_options {%0A + http_endpoint = (known after apply)%0A + http_put_response_hop_limit = (known after apply)%0A + http_tokens = (known after apply)%0A }%0A%0A + network_interface {%0A + delete_on_termination = (known after apply)%0A + device_index = (known after apply)%0A + network_interface_id = (known after apply)%0A }%0A%0A + root_block_device {%0A + delete_on_termination = true%0A + device_name = (known after apply)%0A + encrypted = (known after apply)%0A + iops = (known after apply)%0A + kms_key_id = (known after apply)%0A + throughput = (known after apply)%0A + volume_id = (known after apply)%0A + volume_size = 100%0A + volume_type = "gp3"%0A }%0A }%0A%0A # module.job_runner_linux[0].module.iam_role.aws_iam_instance_profile.this[0] will be created%0A + resource "aws_iam_instance_profile" "this" {%0A + arn = (known after apply)%0A + create_date = (known after apply)%0A + id = (known after apply)%0A + name = (known after apply)%0A + path = "/"%0A + role = (known after apply)%0A + tags = {%0A + "Organization" = "Upside Technology"%0A + "Product" = "Upside App"%0A + "Terraform" = "true"%0A }%0A + tags_all = {%0A + "Organization" = "Upside Technology"%0A + "Product" = "Upside App"%0A + "Terraform" = "true"%0A }%0A + unique_id = (known after apply)%0A }%0A%0A # module.job_runner_linux[0].module.iam_role.aws_iam_role.this[0] will be created%0A + resource "aws_iam_role" "this" {%0A + arn = (known after apply)%0A + assume_role_policy = jsonencode(%0A {%0A + Statement = [%0A + {%0A + Action = "sts:AssumeRole"%0A + Effect = "Allow"%0A + Principal = {%0A + AWS = []%0A + Service = "ec2.amazonaws.com"%0A }%0A + Sid = ""%0A },%0A ]%0A + Version = "2012-10-17"%0A }%0A )%0A + create_date = (known after apply)%0A + description = "Role used for Github Runner server."%0A + force_detach_policies = false%0A + id = (known after apply)%0A + managed_policy_arns = (known after apply)%0A + max_session_duration = 3600%0A + name = (known after apply)%0A + path = "/"%0A + tags = {%0A + "Organization" = "Upside Technology"%0A + "Product" = "Upside App"%0A + "Terraform" = "true"%0A }%0A + tags_all = {%0A + "Organization" = "Upside Technology"%0A + "Product" = "Upside App"%0A + "Terraform" = "true"%0A }%0A + unique_id = (known after apply)%0A%0A + inline_policy {%0A + name = (known after apply)%0A + policy = (known after apply)%0A }%0A }%0A%0A # module.job_runner_linux[0].module.iam_role.aws_iam_role_policy_attachment.custom[0] will be created%0A + resource "aws_iam_role_policy_attachment" "custom" {%0A + id = (known after apply)%0A + policy_arn = "arn:aws:iam::aws:policy/AmazonSSMManagedInstanceCore"%0A + role = (known after apply)%0A }%0A%0A # module.job_runner_linux[0].module.iam_role.aws_iam_role_policy_attachment.custom[1] will be created%0A + resource "aws_iam_role_policy_attachment" "custom" {%0A + id = (known after apply)%0A + policy_arn = (known after apply)%0A + role = (known after apply)%0A }%0A%0A # module.job_runner_linux[0].module.key_pair.aws_key_pair.this[0] will be created%0A + resource "aws_key_pair" "this" {%0A + arn = (known after apply)%0A + fingerprint = (known after apply)%0A + id = (known after apply)%0A + key_name = (known after apply)%0A + key_pair_id = (known after apply)%0A + public_key = "ssh-rsa AAAAB3NzaC1yc2EAAAADAQABAAACAQDQnbReu3HwfExO6GuzsZy7VzQj38nYQCOxZCsMaw+xrlncImXyNv+x6m8/JTz0yatprvrtC3sdPb2omWqAwgDEgWevN9F2VxKJDwuYVnXE8WvqSKM9xfBy/JHfxdRsa2u5NeYy6vQ52o4R8Iu9Nr4+Eg0BEmQundPlE5phXRYkYurJo4aM5TQXz/X2/VjMw9rwPNwQvK+Tm6tgySGSOIrRhbacvFQ5AXf1qCkUdCP8IKkyU0enmg4akcHTBZISt+0SUF8nSxfJAP+0vBtp1xTWhWbQus/9eTIt+Gw66S3dUW8QfKgH2orqwqLNCad5B/TrcLEe984cGOtoyQwOv6jDTlEiK4bBzv1LyE30b50zGzr86YT040ZHpJPQfPV14BTvGQG33JeV3qCS0RHSN7Tod4ps1+hRQozNJqJTEK2x1rXGrsJX0x3c1nrnlMPxuQNLNyztaR0jPUUzqfEv3VSmbBk37/JGu99Vr/gEO06uLMcmnMdHRkeK+Uegr75BflZMbMA3I6QNt0n6W18/x+sBELNXD3AyMQ+tg57ccCYvQIJq9B58J5NynvdEhkBLBJ7bfFXmATysPfI3A+V2TNZ3PrwRGbVhGWHZywq+UD1t9oUCM1DRKGhIheoNX5yykrogJuo1BcU6clrC7+p7E3uV5M/lRVJz0Wosk1bKtdEuMQ== github-runner-linux"%0A + tags = {%0A + "Organization" = "Upside Technology"%0A + "Product" = "Upside App"%0A + "Terraform" = "true"%0A }%0A + tags_all = {%0A + "Organization" = "Upside Technology"%0A + "Product" = "Upside App"%0A + "Terraform" = "true"%0A }%0A }%0A%0A # module.job_runner_linux[0].module.secret_manager_policy.aws_iam_policy.policy will be created%0A + resource "aws_iam_policy" "policy" {%0A + arn = (known after apply)%0A + description = "IAM Policy"%0A + id = (known after apply)%0A + name = (known after apply)%0A + path = "/"%0A + policy = jsonencode(%0A {%0A + Statement = [%0A + {%0A + Action = "secretsmanager:GetSecretValue"%0A + Effect = "Allow"%0A + Resource = "arn:aws:secretsmanager:eu-west-2:***:secret:secret/github/tokens*"%0A + Sid = "AllowReadingSecretValue"%0A },%0A ]%0A + Version = "2012-10-17"%0A }%0A )%0A + policy_id = (known after apply)%0A + tags_all = (known after apply)%0A }%0A%0A # module.job_runner_linux[0].module.security_group.aws_security_group.this_name_prefix[0] will be created%0A + resource "aws_security_group" "this_name_prefix" {%0A + arn = (known after apply)%0A + description = "Security group for access to the Github Runner server"%0A + egress = (known after apply)%0A + id = (known after apply)%0A + ingress = (known after apply)%0A + name = (known after apply)%0A + name_prefix = (known after apply)%0A + owner_id = (known after apply)%0A + revoke_rules_on_delete = false%0A + tags = (known after apply)%0A + tags_all = (known after apply)%0A + vpc_id = "vpc-0cd584a3cef1853e9"%0A }%0A%0A # module.job_runner_linux[0].module.security_group.aws_security_group_rule.egress_rules[0] will be created%0A + resource "aws_security_group_rule" "egress_rules" {%0A + cidr_blocks = [%0A + "0.0.0.0/0",%0A ]%0A + description = "All protocols"%0A + from_port = -1%0A + id = (known after apply)%0A + ipv6_cidr_blocks = [%0A + "::/0",%0A ]%0A + prefix_list_ids = []%0A + protocol = "-1"%0A + security_group_id = (known after apply)%0A + self = false%0A + source_security_group_id = (known after apply)%0A + to_port = -1%0A + type = "egress"%0A }%0A%0A # module.job_runner_linux[0].module.security_group.aws_security_group_rule.ingress_with_source_security_group_id[0] will be created%0A + resource "aws_security_group_rule" "ingress_with_source_security_group_id" {%0A + description = "VPN access"%0A + from_port = 22%0A + id = (known after apply)%0A + prefix_list_ids = []%0A + protocol = "tcp"%0A + security_group_id = (known after apply)%0A + self = false%0A + source_security_group_id = "sg-07f07bec7643678f0"%0A + to_port = 22%0A + type = "ingress"%0A }%0A%0A # module.job_runner_linux[1].module.ec2.aws_instance.this[0] will be created%0A + resource "aws_instance" "this" {%0A + ami = "ami-0986610f98eddde0a"%0A + arn = (known after apply)%0A + associate_public_ip_address = (known after apply)%0A + availability_zone = (known after apply)%0A + cpu_core_count = (known after apply)%0A + cpu_threads_per_core = (known after apply)%0A + disable_api_termination = false%0A + ebs_optimized = false%0A + get_password_data = false%0A + host_id = (known after apply)%0A + iam_instance_profile = (known after apply)%0A + id = (known after apply)%0A + instance_initiated_shutdown_behavior = (known after apply)%0A + instance_state = (known after apply)%0A + instance_type = "t3.small"%0A + ipv6_address_count = (known after apply)%0A + ipv6_addresses = (known after apply)%0A + key_name = (known after apply)%0A + monitoring = true%0A + outpost_arn = (known after apply)%0A + password_data = (known after apply)%0A + placement_group = (known after apply)%0A + primary_network_interface_id = (known after apply)%0A + private_dns = (known after apply)%0A + private_ip = (known after apply)%0A + public_dns = (known after apply)%0A + public_ip = (known after apply)%0A + secondary_private_ips = (known after apply)%0A + security_groups = (known after apply)%0A + source_dest_check = true%0A + subnet_id = "subnet-03f35ea43bed97e8e"%0A + tags = (known after apply)%0A + tags_all = (known after apply)%0A + tenancy = "default"%0A + user_data = "02122301b7e70031ca4fe7c62066b73e43fa54c3"%0A + volume_tags = (known after apply)%0A + vpc_security_group_ids = (known after apply)%0A%0A + capacity_reservation_specification {%0A + capacity_reservation_preference = (known after apply)%0A%0A + capacity_reservation_target {%0A + capacity_reservation_id = (known after apply)%0A }%0A }%0A%0A + credit_specification {%0A + cpu_credits = "standard"%0A }%0A%0A + ebs_block_device {%0A + delete_on_termination = (known after apply)%0A + device_name = (known after apply)%0A + encrypted = (known after apply)%0A + iops = (known after apply)%0A + kms_key_id = (known after apply)%0A + snapshot_id = (known after apply)%0A + tags = (known after apply)%0A + throughput = (known after apply)%0A + volume_id = (known after apply)%0A + volume_size = (known after apply)%0A + volume_type = (known after apply)%0A }%0A%0A + enclave_options {%0A + enabled = (known after apply)%0A }%0A%0A + ephemeral_block_device {%0A + device_name = (known after apply)%0A + no_device = (known after apply)%0A + virtual_name = (known after apply)%0A }%0A%0A + metadata_options {%0A + http_endpoint = (known after apply)%0A + http_put_response_hop_limit = (known after apply)%0A + http_tokens = (known after apply)%0A }%0A%0A + network_interface {%0A + delete_on_termination = (known after apply)%0A + device_index = (known after apply)%0A + network_interface_id = (known after apply)%0A }%0A%0A + root_block_device {%0A + delete_on_termination = true%0A + device_name = (known after apply)%0A + encrypted = (known after apply)%0A + iops = (known after apply)%0A + kms_key_id = (known after apply)%0A + throughput = (known after apply)%0A + volume_id = (known after apply)%0A + volume_size = 100%0A + volume_type = "gp3"%0A }%0A }%0A%0A # module.job_runner_linux[1].module.iam_role.aws_iam_instance_profile.this[0] will be created%0A + resource "aws_iam_instance_profile" "this" {%0A + arn = (known after apply)%0A + create_date = (known after apply)%0A + id = (known after apply)%0A + name = (known after apply)%0A + path = "/"%0A + role = (known after apply)%0A + tags = {%0A + "Organization" = "Upside Technology"%0A + "Product" = "Upside App"%0A + "Terraform" = "true"%0A }%0A + tags_all = {%0A + "Organization" = "Upside Technology"%0A + "Product" = "Upside App"%0A + "Terraform" = "true"%0A }%0A + unique_id = (known after apply)%0A }%0A%0A # module.job_runner_linux[1].module.iam_role.aws_iam_role.this[0] will be created%0A + resource "aws_iam_role" "this" {%0A + arn = (known after apply)%0A + assume_role_policy = jsonencode(%0A {%0A + Statement = [%0A + {%0A + Action = "sts:AssumeRole"%0A + Effect = "Allow"%0A + Principal = {%0A + AWS = []%0A + Service = "ec2.amazonaws.com"%0A }%0A + Sid = ""%0A },%0A ]%0A + Version = "2012-10-17"%0A }%0A )%0A + create_date = (known after apply)%0A + description = "Role used for Github Runner server."%0A + force_detach_policies = false%0A + id = (known after apply)%0A + managed_policy_arns = (known after apply)%0A + max_session_duration = 3600%0A + name = (known after apply)%0A + path = "/"%0A + tags = {%0A + "Organization" = "Upside Technology"%0A + "Product" = "Upside App"%0A + "Terraform" = "true"%0A }%0A + tags_all = {%0A + "Organization" = "Upside Technology"%0A + "Product" = "Upside App"%0A + "Terraform" = "true"%0A }%0A + unique_id = (known after apply)%0A%0A + inline_policy {%0A + name = (known after apply)%0A + policy = (known after apply)%0A }%0A }%0A%0A # module.job_runner_linux[1].module.iam_role.aws_iam_role_policy_attachment.custom[0] will be created%0A + resource "aws_iam_role_policy_attachment" "custom" {%0A + id = (known after apply)%0A + policy_arn = "arn:aws:iam::aws:policy/AmazonSSMManagedInstanceCore"%0A + role = (known after apply)%0A }%0A%0A # module.job_runner_linux[1].module.iam_role.aws_iam_role_policy_attachment.custom[1] will be created%0A + resource "aws_iam_role_policy_attachment" "custom" {%0A + id = (known after apply)%0A + policy_arn = (known after apply)%0A + role = (known after apply)%0A }%0A%0A # module.job_runner_linux[1].module.key_pair.aws_key_pair.this[0] will be created%0A + resource "aws_key_pair" "this" {%0A + arn = (known after apply)%0A + fingerprint = (known after apply)%0A + id = (known after apply)%0A + key_name = (known after apply)%0A + key_pair_id = (known after apply)%0A + public_key = "ssh-rsa AAAAB3NzaC1yc2EAAAADAQABAAACAQDQnbReu3HwfExO6GuzsZy7VzQj38nYQCOxZCsMaw+xrlncImXyNv+x6m8/JTz0yatprvrtC3sdPb2omWqAwgDEgWevN9F2VxKJDwuYVnXE8WvqSKM9xfBy/JHfxdRsa2u5NeYy6vQ52o4R8Iu9Nr4+Eg0BEmQundPlE5phXRYkYurJo4aM5TQXz/X2/VjMw9rwPNwQvK+Tm6tgySGSOIrRhbacvFQ5AXf1qCkUdCP8IKkyU0enmg4akcHTBZISt+0SUF8nSxfJAP+0vBtp1xTWhWbQus/9eTIt+Gw66S3dUW8QfKgH2orqwqLNCad5B/TrcLEe984cGOtoyQwOv6jDTlEiK4bBzv1LyE30b50zGzr86YT040ZHpJPQfPV14BTvGQG33JeV3qCS0RHSN7Tod4ps1+hRQozNJqJTEK2x1rXGrsJX0x3c1nrnlMPxuQNLNyztaR0jPUUzqfEv3VSmbBk37/JGu99Vr/gEO06uLMcmnMdHRkeK+Uegr75BflZMbMA3I6QNt0n6W18/x+sBELNXD3AyMQ+tg57ccCYvQIJq9B58J5NynvdEhkBLBJ7bfFXmATysPfI3A+V2TNZ3PrwRGbVhGWHZywq+UD1t9oUCM1DRKGhIheoNX5yykrogJuo1BcU6clrC7+p7E3uV5M/lRVJz0Wosk1bKtdEuMQ== github-runner-linux"%0A + tags = {%0A + "Organization" = "Upside Technology"%0A + "Product" = "Upside App"%0A + "Terraform" = "true"%0A }%0A + tags_all = {%0A + "Organization" = "Upside Technology"%0A + "Product" = "Upside App"%0A + "Terraform" = "true"%0A }%0A }%0A%0A # module.job_runner_linux[1].module.secret_manager_policy.aws_iam_policy.policy will be created%0A + resource "aws_iam_policy" "policy" {%0A + arn = (known after apply)%0A + description = "IAM Policy"%0A + id = (known after apply)%0A + name = (known after apply)%0A + path = "/"%0A + policy = jsonencode(%0A {%0A + Statement = [%0A + {%0A + Action = "secretsmanager:GetSecretValue"%0A + Effect = "Allow"%0A + Resource = "arn:aws:secretsmanager:eu-west-2:***:secret:secret/github/tokens*"%0A + Sid = "AllowReadingSecretValue"%0A },%0A ]%0A + Version = "2012-10-17"%0A }%0A )%0A + policy_id = (known after apply)%0A + tags_all = (known after apply)%0A }%0A%0A # module.job_runner_linux[1].module.security_group.aws_security_group.this_name_prefix[0] will be created%0A + resource "aws_security_group" "this_name_prefix" {%0A + arn = (known after apply)%0A + description = "Security group for access to the Github Runner server"%0A + egress = (known after apply)%0A + id = (known after apply)%0A + ingress = (known after apply)%0A + name = (known after apply)%0A + name_prefix = (known after apply)%0A + owner_id = (known after apply)%0A + revoke_rules_on_delete = false%0A + tags = (known after apply)%0A + tags_all = (known after apply)%0A + vpc_id = "vpc-0cd584a3cef1853e9"%0A }%0A%0A # module.job_runner_linux[1].module.security_group.aws_security_group_rule.egress_rules[0] will be created%0A + resource "aws_security_group_rule" "egress_rules" {%0A + cidr_blocks = [%0A + "0.0.0.0/0",%0A ]%0A + description = "All protocols"%0A + from_port = -1%0A + id = (known after apply)%0A + ipv6_cidr_blocks = [%0A + "::/0",%0A ]%0A + prefix_list_ids = []%0A + protocol = "-1"%0A + security_group_id = (known after apply)%0A + self = false%0A + source_security_group_id = (known after apply)%0A + to_port = -1%0A + type = "egress"%0A }%0A%0A # module.job_runner_linux[1].module.security_group.aws_security_group_rule.ingress_with_source_security_group_id[0] will be created%0A + resource "aws_security_group_rule" "ingress_with_source_security_group_id" {%0A + description = "VPN access"%0A + from_port = 22%0A + id = (known after apply)%0A + prefix_list_ids = []%0A + protocol = "tcp"%0A + security_group_id = (known after apply)%0A + self = false%0A + source_security_group_id = "sg-07f07bec7643678f0"%0A + to_port = 22%0A + type = "ingress"%0A }%0A%0A # module.job_runner_linux[2].module.ec2.aws_instance.this[0] will be created%0A + resource "aws_instance" "this" {%0A + ami = "ami-0986610f98eddde0a"%0A + arn = (known after apply)%0A + associate_public_ip_address = (known after apply)%0A + availability_zone = (known after apply)%0A + cpu_core_count = (known after apply)%0A + cpu_threads_per_core = (known after apply)%0A + disable_api_termination = false%0A + ebs_optimized = false%0A + get_password_data = false%0A + host_id = (known after apply)%0A + iam_instance_profile = (known after apply)%0A + id = (known after apply)%0A + instance_initiated_shutdown_behavior = (known after apply)%0A + instance_state = (known after apply)%0A + instance_type = "t3.small"%0A + ipv6_address_count = (known after apply)%0A + ipv6_addresses = (known after apply)%0A + key_name = (known after apply)%0A + monitoring = true%0A + outpost_arn = (known after apply)%0A + password_data = (known after apply)%0A + placement_group = (known after apply)%0A + primary_network_interface_id = (known after apply)%0A + private_dns = (known after apply)%0A + private_ip = (known after apply)%0A + public_dns = (known after apply)%0A + public_ip = (known after apply)%0A + secondary_private_ips = (known after apply)%0A + security_groups = (known after apply)%0A + source_dest_check = true%0A + subnet_id = "subnet-03f35ea43bed97e8e"%0A + tags = (known after apply)%0A + tags_all = (known after apply)%0A + tenancy = "default"%0A + user_data = "02122301b7e70031ca4fe7c62066b73e43fa54c3"%0A + volume_tags = (known after apply)%0A + vpc_security_group_ids = (known after apply)%0A%0A + capacity_reservation_specification {%0A + capacity_reservation_preference = (known after apply)%0A%0A + capacity_reservation_target {%0A + capacity_reservation_id = (known after apply)%0A }%0A }%0A%0A + credit_specification {%0A + cpu_credits = "standard"%0A }%0A%0A + ebs_block_device {%0A + delete_on_termination = (known after apply)%0A + device_name = (known after apply)%0A + encrypted = (known after apply)%0A + iops = (known after apply)%0A + kms_key_id = (known after apply)%0A + snapshot_id = (known after apply)%0A + tags = (known after apply)%0A + throughput = (known after apply)%0A + volume_id = (known after apply)%0A + volume_size = (known after apply)%0A + volume_type = (known after apply)%0A }%0A%0A + enclave_options {%0A + enabled = (known after apply)%0A }%0A%0A + ephemeral_block_device {%0A + device_name = (known after apply)%0A + no_device = (known after apply)%0A + virtual_name = (known after apply)%0A }%0A%0A + metadata_options {%0A + http_endpoint = (known after apply)%0A + http_put_response_hop_limit = (known after apply)%0A + http_tokens = (known after apply)%0A }%0A%0A + network_interface {%0A + delete_on_termination = (known after apply)%0A + device_index = (known after apply)%0A + network_interface_id = (known after apply)%0A }%0A%0A + root_block_device {%0A + delete_on_termination = true%0A + device_name = (known after apply)%0A + encrypted = (known after apply)%0A + iops = (known after apply)%0A + kms_key_id = (known after apply)%0A + throughput = (known after apply)%0A + volume_id = (known after apply)%0A + volume_size = 100%0A + volume_type = "gp3"%0A }%0A }%0A%0A # module.job_runner_linux[2].module.iam_role.aws_iam_instance_profile.this[0] will be created%0A + resource "aws_iam_instance_profile" "this" {%0A + arn = (known after apply)%0A + create_date = (known after apply)%0A + id = (known after apply)%0A + name = (known after apply)%0A + path = "/"%0A + role = (known after apply)%0A + tags = {%0A + "Organization" = "Upside Technology"%0A + "Product" = "Upside App"%0A + "Terraform" = "true"%0A }%0A + tags_all = {%0A + "Organization" = "Upside Technology"%0A + "Product" = "Upside App"%0A + "Terraform" = "true"%0A }%0A + unique_id = (known after apply)%0A }%0A%0A # module.job_runner_linux[2].module.iam_role.aws_iam_role.this[0] will be created%0A + resource "aws_iam_role" "this" {%0A + arn = (known after apply)%0A + assume_role_policy = jsonencode(%0A {%0A + Statement = [%0A + {%0A + Action = "sts:AssumeRole"%0A + Effect = "Allow"%0A + Principal = {%0A + AWS = []%0A + Service = "ec2.amazonaws.com"%0A }%0A + Sid = ""%0A },%0A ]%0A + Version = "2012-10-17"%0A }%0A )%0A + create_date = (known after apply)%0A + description = "Role used for Github Runner server."%0A + force_detach_policies = false%0A + id = (known after apply)%0A + managed_policy_arns = (known after apply)%0A + max_session_duration = 3600%0A + name = (known after apply)%0A + path = "/"%0A + tags = {%0A + "Organization" = "Upside Technology"%0A + "Product" = "Upside App"%0A + "Terraform" = "true"%0A }%0A + tags_all = {%0A + "Organization" = "Upside Technology"%0A + "Product" = "Upside App"%0A + "Terraform" = "true"%0A }%0A + unique_id = (known after apply)%0A%0A + inline_policy {%0A + name = (known after apply)%0A + policy = (known after apply)%0A }%0A }%0A%0A # module.job_runner_linux[2].module.iam_role.aws_iam_role_policy_attachment.custom[0] will be created%0A + resource "aws_iam_role_policy_attachment" "custom" {%0A + id = (known after apply)%0A + policy_arn = "arn:aws:iam::aws:policy/AmazonSSMManagedInstanceCore"%0A + role = (known after apply)%0A }%0A%0A # module.job_runner_linux[2].module.iam_role.aws_iam_role_policy_attachment.custom[1] will be created%0A + resource "aws_iam_role_policy_attachment" "custom" {%0A + id = (known after apply)%0A + policy_arn = (known after apply)%0A + role = (known after apply)%0A }%0A%0A # module.job_runner_linux[2].module.key_pair.aws_key_pair.this[0] will be created%0A + resource "aws_key_pair" "this" {%0A + arn = (known after apply)%0A + fingerprint = (known after apply)%0A + id = (known after apply)%0A + key_name = (known after apply)%0A + key_pair_id = (known after apply)%0A + public_key = "ssh-rsa AAAAB3NzaC1yc2EAAAADAQABAAACAQDQnbReu3HwfExO6GuzsZy7VzQj38nYQCOxZCsMaw+xrlncImXyNv+x6m8/JTz0yatprvrtC3sdPb2omWqAwgDEgWevN9F2VxKJDwuYVnXE8WvqSKM9xfBy/JHfxdRsa2u5NeYy6vQ52o4R8Iu9Nr4+Eg0BEmQundPlE5phXRYkYurJo4aM5TQXz/X2/VjMw9rwPNwQvK+Tm6tgySGSOIrRhbacvFQ5AXf1qCkUdCP8IKkyU0enmg4akcHTBZISt+0SUF8nSxfJAP+0vBtp1xTWhWbQus/9eTIt+Gw66S3dUW8QfKgH2orqwqLNCad5B/TrcLEe984cGOtoyQwOv6jDTlEiK4bBzv1LyE30b50zGzr86YT040ZHpJPQfPV14BTvGQG33JeV3qCS0RHSN7Tod4ps1+hRQozNJqJTEK2x1rXGrsJX0x3c1nrnlMPxuQNLNyztaR0jPUUzqfEv3VSmbBk37/JGu99Vr/gEO06uLMcmnMdHRkeK+Uegr75BflZMbMA3I6QNt0n6W18/x+sBELNXD3AyMQ+tg57ccCYvQIJq9B58J5NynvdEhkBLBJ7bfFXmATysPfI3A+V2TNZ3PrwRGbVhGWHZywq+UD1t9oUCM1DRKGhIheoNX5yykrogJuo1BcU6clrC7+p7E3uV5M/lRVJz0Wosk1bKtdEuMQ== github-runner-linux"%0A + tags = {%0A + "Organization" = "Upside Technology"%0A + "Product" = "Upside App"%0A + "Terraform" = "true"%0A }%0A + tags_all = {%0A + "Organization" = "Upside Technology"%0A + "Product" = "Upside App"%0A + "Terraform" = "true"%0A }%0A }%0A%0A # module.job_runner_linux[2].module.secret_manager_policy.aws_iam_policy.policy will be created%0A + resource "aws_iam_policy" "policy" {%0A + arn = (known after apply)%0A + description = "IAM Policy"%0A + id = (known after apply)%0A + name = (known after apply)%0A + path = "/"%0A + policy = jsonencode(%0A {%0A + Statement = [%0A + {%0A + Action = "secretsmanager:GetSecretValue"%0A + Effect = "Allow"%0A + Resource = "arn:aws:secretsmanager:eu-west-2:***:secret:secret/github/tokens*"%0A + Sid = "AllowReadingSecretValue"%0A },%0A ]%0A + Version = "2012-10-17"%0A }%0A )%0A + policy_id = (known after apply)%0A + tags_all = (known after apply)%0A }%0A%0A # module.job_runner_linux[2].module.security_group.aws_security_group.this_name_prefix[0] will be created%0A + resource "aws_security_group" "this_name_prefix" {%0A + arn = (known after apply)%0A + description = "Security group for access to the Github Runner server"%0A + egress = (known after apply)%0A + id = (known after apply)%0A + ingress = (known after apply)%0A + name = (known after apply)%0A + name_prefix = (known after apply)%0A + owner_id = (known after apply)%0A + revoke_rules_on_delete = false%0A + tags = (known after apply)%0A + tags_all = (known after apply)%0A + vpc_id = "vpc-0cd584a3cef1853e9"%0A }%0A%0A # module.job_runner_linux[2].module.security_group.aws_security_group_rule.egress_rules[0] will be created%0A + resource "aws_security_group_rule" "egress_rules" {%0A + cidr_blocks = [%0A + "0.0.0.0/0",%0A ]%0A + description = "All protocols"%0A + from_port = -1%0A + id = (known after apply)%0A + ipv6_cidr_blocks = [%0A + "::/0",%0A ]%0A + prefix_list_ids = []%0A + protocol = "-1"%0A + security_group_id = (known after apply)%0A + self = false%0A + source_security_group_id = (known after apply)%0A + to_port = -1%0A + type = "egress"%0A }%0A%0A # module.job_runner_linux[2].module.security_group.aws_security_group_rule.ingress_with_source_security_group_id[0] will be created%0A + resource "aws_security_group_rule" "ingress_with_source_security_group_id" {%0A + description = "VPN access"%0A + from_port = 22%0A + id = (known after apply)%0A + prefix_list_ids = []%0A + protocol = "tcp"%0A + security_group_id = (known after apply)%0A + self = false%0A + source_security_group_id = "sg-07f07bec7643678f0"%0A + to_port = 22%0A + type = "ingress"%0A }%0A%0APlan: 33 to add, 0 to change, 0 to destroy.%0A%0A─────────────────────────────────────────────────────────────────────────────%0A%0ASaved the plan to: plan.out%0A%0ATo perform exactly these actions, run the following command to apply:%0A terraform apply "plan.out"
